// !$*UTF8*$!
{
	archiveVersion = 1;
	classes = {
	};
	objectVersion = 55;
	objects = {

/* Begin PBXBuildFile section */
		3A3D50C1AFB4489BB093B1EB /* Pods_HACKERUITests.framework in Frameworks */ = {isa = PBXBuildFile; fileRef = 2630E0090F60CB7C7F7933B4 /* Pods_HACKERUITests.framework */; };
		773D93C827F09A2D0014DE3A /* LogoutViewController.swift in Sources */ = {isa = PBXBuildFile; fileRef = 773D93C727F09A2D0014DE3A /* LogoutViewController.swift */; };
		77576EC427EB88A0005AF6DA /* HackerNavigationBar.swift in Sources */ = {isa = PBXBuildFile; fileRef = 77576EC327EB88A0005AF6DA /* HackerNavigationBar.swift */; };
		77576EC727EB90A2005AF6DA /* SettingViewController.swift in Sources */ = {isa = PBXBuildFile; fileRef = 77576EC627EB90A2005AF6DA /* SettingViewController.swift */; };
		77576ECA27ECDAB3005AF6DA /* SettingTableViewCell.swift in Sources */ = {isa = PBXBuildFile; fileRef = 77576EC927ECDAB3005AF6DA /* SettingTableViewCell.swift */; };
		77576ECC27ECDB26005AF6DA /* Const.swift in Sources */ = {isa = PBXBuildFile; fileRef = 77576ECB27ECDB26005AF6DA /* Const.swift */; };
		8648AD9727E8D417009F5C7A /* HACKERTests.swift in Sources */ = {isa = PBXBuildFile; fileRef = 8648AD9627E8D417009F5C7A /* HACKERTests.swift */; };
		869B5AC127ECFFB500F2ACA7 /* XCUIApplication+Extension.swift in Sources */ = {isa = PBXBuildFile; fileRef = 869B5AC027ECFFB500F2ACA7 /* XCUIApplication+Extension.swift */; };
		869B5AC327ED04D000F2ACA7 /* XCUIElement+Extension.swift in Sources */ = {isa = PBXBuildFile; fileRef = 869B5AC227ED04D000F2ACA7 /* XCUIElement+Extension.swift */; };
		86DF9A7427EB37CA00C7D493 /* SignupUITests.swift in Sources */ = {isa = PBXBuildFile; fileRef = 86DF9A7327EB37C900C7D493 /* SignupUITests.swift */; };
		86DF9A7727ECF1B500C7D493 /* UITestUtils.swift in Sources */ = {isa = PBXBuildFile; fileRef = 86DF9A7627ECF1B500C7D493 /* UITestUtils.swift */; };
		86DF9A7827ECF61E00C7D493 /* TargetIdentifier.swift in Sources */ = {isa = PBXBuildFile; fileRef = 86F9EB2B27E9CDF000E1FEFD /* TargetIdentifier.swift */; };
		86DF9A7927ECF61E00C7D493 /* TargetIdentifier.swift in Sources */ = {isa = PBXBuildFile; fileRef = 86F9EB2B27E9CDF000E1FEFD /* TargetIdentifier.swift */; };
		86DF9A7B27ECF8EC00C7D493 /* NicknameUITests.swift in Sources */ = {isa = PBXBuildFile; fileRef = 86DF9A7A27ECF8EC00C7D493 /* NicknameUITests.swift */; };
		86F9EB2327E8D51100E1FEFD /* HACKERUITests.swift in Sources */ = {isa = PBXBuildFile; fileRef = 86F9EB2227E8D51100E1FEFD /* HACKERUITests.swift */; };
		86F9EB3027E9D63000E1FEFD /* TargetIdentifier.swift in Sources */ = {isa = PBXBuildFile; fileRef = 86F9EB2B27E9CDF000E1FEFD /* TargetIdentifier.swift */; };
		86F9EB3727E9DBB400E1FEFD /* TestErrorMessage.swift in Sources */ = {isa = PBXBuildFile; fileRef = 86F9EB3427E9DBAE00E1FEFD /* TestErrorMessage.swift */; };
		AE6014EE07B3BD5F1CED1FC6 /* Pods_HACKERTests.framework in Frameworks */ = {isa = PBXBuildFile; fileRef = C79CD676A7BE0B5AFC5D6A3E /* Pods_HACKERTests.framework */; };
		C4C05B48E05749AF8AC87FED /* Pods_HACKER.framework in Frameworks */ = {isa = PBXBuildFile; fileRef = A0FDE97D43B564FE2665C5AB /* Pods_HACKER.framework */; };
		E833EEF127C2479C00107741 /* LoginViewController.swift in Sources */ = {isa = PBXBuildFile; fileRef = E833EEF027C2479C00107741 /* LoginViewController.swift */; };
		E833EEF327C247A400107741 /* SplashViewController.swift in Sources */ = {isa = PBXBuildFile; fileRef = E833EEF227C247A400107741 /* SplashViewController.swift */; };
		E833EEF527C24D7E00107741 /* UnknownUserPopUpViewController.swift in Sources */ = {isa = PBXBuildFile; fileRef = E833EEF427C24D7E00107741 /* UnknownUserPopUpViewController.swift */; };
		E833EEF727C24D9000107741 /* NickNameCheckPopUpViewController.swift in Sources */ = {isa = PBXBuildFile; fileRef = E833EEF627C24D9000107741 /* NickNameCheckPopUpViewController.swift */; };
		E8547B9227BC085D0078EEA8 /* KCC-Kimhwanki.otf in Resources */ = {isa = PBXBuildFile; fileRef = E8547B9127BC085D0078EEA8 /* KCC-Kimhwanki.otf */; };
		E855DD2627EF0AC4003F3B34 /* ShoppingRankingViewController.swift in Sources */ = {isa = PBXBuildFile; fileRef = E855DD2527EF0AC4003F3B34 /* ShoppingRankingViewController.swift */; };
		E855DD2927EF0AE4003F3B34 /* TabbarCollectionViewCell.swift in Sources */ = {isa = PBXBuildFile; fileRef = E855DD2827EF0AE4003F3B34 /* TabbarCollectionViewCell.swift */; };
		E855DD2B27EF0AED003F3B34 /* ShoppingCollectionViewCell.swift in Sources */ = {isa = PBXBuildFile; fileRef = E855DD2A27EF0AED003F3B34 /* ShoppingCollectionViewCell.swift */; };
		E855DD2D27EF0AF5003F3B34 /* RankingCollectionViewCell.swift in Sources */ = {isa = PBXBuildFile; fileRef = E855DD2C27EF0AF5003F3B34 /* RankingCollectionViewCell.swift */; };
		E855DD3027EF1DC4003F3B34 /* identifiable.swift in Sources */ = {isa = PBXBuildFile; fileRef = E855DD2F27EF1DC4003F3B34 /* identifiable.swift */; };
		E855DD3227EF422C003F3B34 /* AddFriendCollectionViewCell.swift in Sources */ = {isa = PBXBuildFile; fileRef = E855DD3127EF422C003F3B34 /* AddFriendCollectionViewCell.swift */; };
		E855DD3427EF423D003F3B34 /* MyFriendsCollectionViewCell.swift in Sources */ = {isa = PBXBuildFile; fileRef = E855DD3327EF423D003F3B34 /* MyFriendsCollectionViewCell.swift */; };
		E855DD3627EF4556003F3B34 /* AddFriendViewController.swift in Sources */ = {isa = PBXBuildFile; fileRef = E855DD3527EF4556003F3B34 /* AddFriendViewController.swift */; };
		E855DD3827EF65EB003F3B34 /* RankingTableViewCell.swift in Sources */ = {isa = PBXBuildFile; fileRef = E855DD3727EF65EB003F3B34 /* RankingTableViewCell.swift */; };
		E87580A727B15FFD00C7E7E2 /* .swiftlint.yml in Resources */ = {isa = PBXBuildFile; fileRef = E87580A627B15FFD00C7E7E2 /* .swiftlint.yml */; };
		E87580AB27B16ED600C7E7E2 /* NicknameViewController.swift in Sources */ = {isa = PBXBuildFile; fileRef = E87580AA27B16ED600C7E7E2 /* NicknameViewController.swift */; };
		E87580AD27B16EDF00C7E7E2 /* SignupViewController.swift in Sources */ = {isa = PBXBuildFile; fileRef = E87580AC27B16EDF00C7E7E2 /* SignupViewController.swift */; };
		E876119827A0395D00D238B3 /* UIView+Extension.swift in Sources */ = {isa = PBXBuildFile; fileRef = E876119727A0395D00D238B3 /* UIView+Extension.swift */; };
		E876119A27A0396D00D238B3 /* UILabel+Extension.swift in Sources */ = {isa = PBXBuildFile; fileRef = E876119927A0396D00D238B3 /* UILabel+Extension.swift */; };
		E876119C27A0397700D238B3 /* UIColor+Extension.swift in Sources */ = {isa = PBXBuildFile; fileRef = E876119B27A0397700D238B3 /* UIColor+Extension.swift */; };
		E876119E27A0398000D238B3 /* UIFont+Extension.swift in Sources */ = {isa = PBXBuildFile; fileRef = E876119D27A0398000D238B3 /* UIFont+Extension.swift */; };
		E87611A027A0398B00D238B3 /* UIButton+Extension.swift in Sources */ = {isa = PBXBuildFile; fileRef = E876119F27A0398B00D238B3 /* UIButton+Extension.swift */; };
		E87AA6962809C774008913AE /* Notification.swift in Sources */ = {isa = PBXBuildFile; fileRef = E87AA6952809C774008913AE /* Notification.swift */; };
		E88D4C3427E44A27009F65E3 /* MainViewController.swift in Sources */ = {isa = PBXBuildFile; fileRef = E88D4C3327E44A27009F65E3 /* MainViewController.swift */; };
		E88D4C3627E44A32009F65E3 /* MainProfileViewController.swift in Sources */ = {isa = PBXBuildFile; fileRef = E88D4C3527E44A32009F65E3 /* MainProfileViewController.swift */; };
		E88D4C3B27E44E34009F65E3 /* TabBarViewController.swift in Sources */ = {isa = PBXBuildFile; fileRef = E88D4C3A27E44E34009F65E3 /* TabBarViewController.swift */; };
		E8C36D1927C5214100DBDE21 /* UITextField+Extension.swift in Sources */ = {isa = PBXBuildFile; fileRef = E8C36D1827C5214100DBDE21 /* UITextField+Extension.swift */; };
		E8E8477D279EF6E900D5A482 /* AppDelegate.swift in Sources */ = {isa = PBXBuildFile; fileRef = E8E8477C279EF6E900D5A482 /* AppDelegate.swift */; };
		E8E8477F279EF6E900D5A482 /* SceneDelegate.swift in Sources */ = {isa = PBXBuildFile; fileRef = E8E8477E279EF6E900D5A482 /* SceneDelegate.swift */; };
		E8E84786279EF6EC00D5A482 /* Assets.xcassets in Resources */ = {isa = PBXBuildFile; fileRef = E8E84785279EF6EC00D5A482 /* Assets.xcassets */; };
		E8E84789279EF6EC00D5A482 /* LaunchScreen.storyboard in Resources */ = {isa = PBXBuildFile; fileRef = E8E84787279EF6EC00D5A482 /* LaunchScreen.storyboard */; };
		E8FF04F627B2111C00C7C3E5 /* SignupPopUpViewController.swift in Sources */ = {isa = PBXBuildFile; fileRef = E8FF04F527B2111C00C7C3E5 /* SignupPopUpViewController.swift */; };
		E8FF04FA27B212C000C7C3E5 /* NotoSansKR-Medium.otf in Resources */ = {isa = PBXBuildFile; fileRef = E8FF04F727B212C000C7C3E5 /* NotoSansKR-Medium.otf */; };
		E8FF04FB27B212C000C7C3E5 /* NotoSansKR-Bold.otf in Resources */ = {isa = PBXBuildFile; fileRef = E8FF04F827B212C000C7C3E5 /* NotoSansKR-Bold.otf */; };
		E8FF04FC27B212C000C7C3E5 /* NotoSansKR-Regular.otf in Resources */ = {isa = PBXBuildFile; fileRef = E8FF04F927B212C000C7C3E5 /* NotoSansKR-Regular.otf */; };
/* End PBXBuildFile section */

/* Begin PBXContainerItemProxy section */
		8648AD9827E8D417009F5C7A /* PBXContainerItemProxy */ = {
			isa = PBXContainerItemProxy;
			containerPortal = E8E84771279EF6E900D5A482 /* Project object */;
			proxyType = 1;
			remoteGlobalIDString = E8E84778279EF6E900D5A482;
			remoteInfo = HACKER;
		};
		86F9EB2627E8D51100E1FEFD /* PBXContainerItemProxy */ = {
			isa = PBXContainerItemProxy;
			containerPortal = E8E84771279EF6E900D5A482 /* Project object */;
			proxyType = 1;
			remoteGlobalIDString = E8E84778279EF6E900D5A482;
			remoteInfo = HACKER;
		};
/* End PBXContainerItemProxy section */

/* Begin PBXFileReference section */
		179B89A19054060BF06216B1 /* Pods-HACKERTests.release.xcconfig */ = {isa = PBXFileReference; includeInIndex = 1; lastKnownFileType = text.xcconfig; name = "Pods-HACKERTests.release.xcconfig"; path = "Target Support Files/Pods-HACKERTests/Pods-HACKERTests.release.xcconfig"; sourceTree = "<group>"; };
		2630E0090F60CB7C7F7933B4 /* Pods_HACKERUITests.framework */ = {isa = PBXFileReference; explicitFileType = wrapper.framework; includeInIndex = 0; path = Pods_HACKERUITests.framework; sourceTree = BUILT_PRODUCTS_DIR; };
		41BDBABACCF0BB55F93813D2 /* Pods-HACKERUITests.release.xcconfig */ = {isa = PBXFileReference; includeInIndex = 1; lastKnownFileType = text.xcconfig; name = "Pods-HACKERUITests.release.xcconfig"; path = "Target Support Files/Pods-HACKERUITests/Pods-HACKERUITests.release.xcconfig"; sourceTree = "<group>"; };
		6D722C98A0200948EF94743D /* Pods-HACKERTests.debug.xcconfig */ = {isa = PBXFileReference; includeInIndex = 1; lastKnownFileType = text.xcconfig; name = "Pods-HACKERTests.debug.xcconfig"; path = "Target Support Files/Pods-HACKERTests/Pods-HACKERTests.debug.xcconfig"; sourceTree = "<group>"; };
		773D93C727F09A2D0014DE3A /* LogoutViewController.swift */ = {isa = PBXFileReference; lastKnownFileType = sourcecode.swift; path = LogoutViewController.swift; sourceTree = "<group>"; };
		77576EC327EB88A0005AF6DA /* HackerNavigationBar.swift */ = {isa = PBXFileReference; lastKnownFileType = sourcecode.swift; path = HackerNavigationBar.swift; sourceTree = "<group>"; };
		77576EC627EB90A2005AF6DA /* SettingViewController.swift */ = {isa = PBXFileReference; lastKnownFileType = sourcecode.swift; path = SettingViewController.swift; sourceTree = "<group>"; };
		77576EC927ECDAB3005AF6DA /* SettingTableViewCell.swift */ = {isa = PBXFileReference; lastKnownFileType = sourcecode.swift; path = SettingTableViewCell.swift; sourceTree = "<group>"; };
		77576ECB27ECDB26005AF6DA /* Const.swift */ = {isa = PBXFileReference; lastKnownFileType = sourcecode.swift; path = Const.swift; sourceTree = "<group>"; };
		775BA15627E7783700A43516 /* HACKER.entitlements */ = {isa = PBXFileReference; lastKnownFileType = text.plist.entitlements; path = HACKER.entitlements; sourceTree = "<group>"; };
		834AE9E2D5646B5161A239D4 /* Pods-HACKERUITests.debug.xcconfig */ = {isa = PBXFileReference; includeInIndex = 1; lastKnownFileType = text.xcconfig; name = "Pods-HACKERUITests.debug.xcconfig"; path = "Target Support Files/Pods-HACKERUITests/Pods-HACKERUITests.debug.xcconfig"; sourceTree = "<group>"; };
		8648AD9427E8D417009F5C7A /* HACKERTests.xctest */ = {isa = PBXFileReference; explicitFileType = wrapper.cfbundle; includeInIndex = 0; path = HACKERTests.xctest; sourceTree = BUILT_PRODUCTS_DIR; };
		8648AD9627E8D417009F5C7A /* HACKERTests.swift */ = {isa = PBXFileReference; lastKnownFileType = sourcecode.swift; path = HACKERTests.swift; sourceTree = "<group>"; };
		869B5AC027ECFFB500F2ACA7 /* XCUIApplication+Extension.swift */ = {isa = PBXFileReference; lastKnownFileType = sourcecode.swift; path = "XCUIApplication+Extension.swift"; sourceTree = "<group>"; };
		869B5AC227ED04D000F2ACA7 /* XCUIElement+Extension.swift */ = {isa = PBXFileReference; lastKnownFileType = sourcecode.swift; path = "XCUIElement+Extension.swift"; sourceTree = "<group>"; };
		86DF9A7327EB37C900C7D493 /* SignupUITests.swift */ = {isa = PBXFileReference; lastKnownFileType = sourcecode.swift; path = SignupUITests.swift; sourceTree = "<group>"; };
		86DF9A7627ECF1B500C7D493 /* UITestUtils.swift */ = {isa = PBXFileReference; lastKnownFileType = sourcecode.swift; path = UITestUtils.swift; sourceTree = "<group>"; };
		86DF9A7A27ECF8EC00C7D493 /* NicknameUITests.swift */ = {isa = PBXFileReference; lastKnownFileType = sourcecode.swift; path = NicknameUITests.swift; sourceTree = "<group>"; };
		86F9EB2027E8D51100E1FEFD /* HACKERUITests.xctest */ = {isa = PBXFileReference; explicitFileType = wrapper.cfbundle; includeInIndex = 0; path = HACKERUITests.xctest; sourceTree = BUILT_PRODUCTS_DIR; };
		86F9EB2227E8D51100E1FEFD /* HACKERUITests.swift */ = {isa = PBXFileReference; lastKnownFileType = sourcecode.swift; path = HACKERUITests.swift; sourceTree = "<group>"; };
		86F9EB2B27E9CDF000E1FEFD /* TargetIdentifier.swift */ = {isa = PBXFileReference; lastKnownFileType = sourcecode.swift; path = TargetIdentifier.swift; sourceTree = "<group>"; };
		86F9EB3427E9DBAE00E1FEFD /* TestErrorMessage.swift */ = {isa = PBXFileReference; lastKnownFileType = sourcecode.swift; path = TestErrorMessage.swift; sourceTree = "<group>"; };
		A0FDE97D43B564FE2665C5AB /* Pods_HACKER.framework */ = {isa = PBXFileReference; explicitFileType = wrapper.framework; includeInIndex = 0; path = Pods_HACKER.framework; sourceTree = BUILT_PRODUCTS_DIR; };
		C79CD676A7BE0B5AFC5D6A3E /* Pods_HACKERTests.framework */ = {isa = PBXFileReference; explicitFileType = wrapper.framework; includeInIndex = 0; path = Pods_HACKERTests.framework; sourceTree = BUILT_PRODUCTS_DIR; };
		D43D251F9FBD31ADDBC63F1C /* Pods-HACKER.debug.xcconfig */ = {isa = PBXFileReference; includeInIndex = 1; lastKnownFileType = text.xcconfig; name = "Pods-HACKER.debug.xcconfig"; path = "Target Support Files/Pods-HACKER/Pods-HACKER.debug.xcconfig"; sourceTree = "<group>"; };
		D64BBA392CA295A2C82DAB1C /* Pods-HACKER.release.xcconfig */ = {isa = PBXFileReference; includeInIndex = 1; lastKnownFileType = text.xcconfig; name = "Pods-HACKER.release.xcconfig"; path = "Target Support Files/Pods-HACKER/Pods-HACKER.release.xcconfig"; sourceTree = "<group>"; };
		E833EEF027C2479C00107741 /* LoginViewController.swift */ = {isa = PBXFileReference; lastKnownFileType = sourcecode.swift; path = LoginViewController.swift; sourceTree = "<group>"; };
		E833EEF227C247A400107741 /* SplashViewController.swift */ = {isa = PBXFileReference; lastKnownFileType = sourcecode.swift; path = SplashViewController.swift; sourceTree = "<group>"; };
		E833EEF427C24D7E00107741 /* UnknownUserPopUpViewController.swift */ = {isa = PBXFileReference; lastKnownFileType = sourcecode.swift; path = UnknownUserPopUpViewController.swift; sourceTree = "<group>"; };
		E833EEF627C24D9000107741 /* NickNameCheckPopUpViewController.swift */ = {isa = PBXFileReference; lastKnownFileType = sourcecode.swift; path = NickNameCheckPopUpViewController.swift; sourceTree = "<group>"; };
		E8547B9127BC085D0078EEA8 /* KCC-Kimhwanki.otf */ = {isa = PBXFileReference; lastKnownFileType = file; path = "KCC-Kimhwanki.otf"; sourceTree = "<group>"; };
		E855DD2527EF0AC4003F3B34 /* ShoppingRankingViewController.swift */ = {isa = PBXFileReference; lastKnownFileType = sourcecode.swift; path = ShoppingRankingViewController.swift; sourceTree = "<group>"; };
		E855DD2827EF0AE4003F3B34 /* TabbarCollectionViewCell.swift */ = {isa = PBXFileReference; lastKnownFileType = sourcecode.swift; path = TabbarCollectionViewCell.swift; sourceTree = "<group>"; };
		E855DD2A27EF0AED003F3B34 /* ShoppingCollectionViewCell.swift */ = {isa = PBXFileReference; lastKnownFileType = sourcecode.swift; path = ShoppingCollectionViewCell.swift; sourceTree = "<group>"; };
		E855DD2C27EF0AF5003F3B34 /* RankingCollectionViewCell.swift */ = {isa = PBXFileReference; lastKnownFileType = sourcecode.swift; path = RankingCollectionViewCell.swift; sourceTree = "<group>"; };
		E855DD2F27EF1DC4003F3B34 /* identifiable.swift */ = {isa = PBXFileReference; lastKnownFileType = sourcecode.swift; path = identifiable.swift; sourceTree = "<group>"; };
		E855DD3127EF422C003F3B34 /* AddFriendCollectionViewCell.swift */ = {isa = PBXFileReference; lastKnownFileType = sourcecode.swift; path = AddFriendCollectionViewCell.swift; sourceTree = "<group>"; };
		E855DD3327EF423D003F3B34 /* MyFriendsCollectionViewCell.swift */ = {isa = PBXFileReference; lastKnownFileType = sourcecode.swift; path = MyFriendsCollectionViewCell.swift; sourceTree = "<group>"; };
		E855DD3527EF4556003F3B34 /* AddFriendViewController.swift */ = {isa = PBXFileReference; lastKnownFileType = sourcecode.swift; path = AddFriendViewController.swift; sourceTree = "<group>"; };
		E855DD3727EF65EB003F3B34 /* RankingTableViewCell.swift */ = {isa = PBXFileReference; lastKnownFileType = sourcecode.swift; path = RankingTableViewCell.swift; sourceTree = "<group>"; };
		E87580A627B15FFD00C7E7E2 /* .swiftlint.yml */ = {isa = PBXFileReference; lastKnownFileType = text.yaml; path = .swiftlint.yml; sourceTree = "<group>"; };
		E87580AA27B16ED600C7E7E2 /* NicknameViewController.swift */ = {isa = PBXFileReference; lastKnownFileType = sourcecode.swift; path = NicknameViewController.swift; sourceTree = "<group>"; };
		E87580AC27B16EDF00C7E7E2 /* SignupViewController.swift */ = {isa = PBXFileReference; lastKnownFileType = sourcecode.swift; path = SignupViewController.swift; sourceTree = "<group>"; };
		E876119727A0395D00D238B3 /* UIView+Extension.swift */ = {isa = PBXFileReference; lastKnownFileType = sourcecode.swift; path = "UIView+Extension.swift"; sourceTree = "<group>"; };
		E876119927A0396D00D238B3 /* UILabel+Extension.swift */ = {isa = PBXFileReference; lastKnownFileType = sourcecode.swift; path = "UILabel+Extension.swift"; sourceTree = "<group>"; };
		E876119B27A0397700D238B3 /* UIColor+Extension.swift */ = {isa = PBXFileReference; lastKnownFileType = sourcecode.swift; path = "UIColor+Extension.swift"; sourceTree = "<group>"; };
		E876119D27A0398000D238B3 /* UIFont+Extension.swift */ = {isa = PBXFileReference; lastKnownFileType = sourcecode.swift; path = "UIFont+Extension.swift"; sourceTree = "<group>"; };
		E876119F27A0398B00D238B3 /* UIButton+Extension.swift */ = {isa = PBXFileReference; lastKnownFileType = sourcecode.swift; path = "UIButton+Extension.swift"; sourceTree = "<group>"; };
		E87AA6952809C774008913AE /* Notification.swift */ = {isa = PBXFileReference; lastKnownFileType = sourcecode.swift; path = Notification.swift; sourceTree = "<group>"; };
		E88D4C3327E44A27009F65E3 /* MainViewController.swift */ = {isa = PBXFileReference; lastKnownFileType = sourcecode.swift; path = MainViewController.swift; sourceTree = "<group>"; };
		E88D4C3527E44A32009F65E3 /* MainProfileViewController.swift */ = {isa = PBXFileReference; lastKnownFileType = sourcecode.swift; path = MainProfileViewController.swift; sourceTree = "<group>"; };
		E88D4C3A27E44E34009F65E3 /* TabBarViewController.swift */ = {isa = PBXFileReference; lastKnownFileType = sourcecode.swift; path = TabBarViewController.swift; sourceTree = "<group>"; };
		E8C36D1827C5214100DBDE21 /* UITextField+Extension.swift */ = {isa = PBXFileReference; lastKnownFileType = sourcecode.swift; path = "UITextField+Extension.swift"; sourceTree = "<group>"; };
		E8E84779279EF6E900D5A482 /* HACKER.app */ = {isa = PBXFileReference; explicitFileType = wrapper.application; includeInIndex = 0; path = HACKER.app; sourceTree = BUILT_PRODUCTS_DIR; };
		E8E8477C279EF6E900D5A482 /* AppDelegate.swift */ = {isa = PBXFileReference; lastKnownFileType = sourcecode.swift; path = AppDelegate.swift; sourceTree = "<group>"; };
		E8E8477E279EF6E900D5A482 /* SceneDelegate.swift */ = {isa = PBXFileReference; lastKnownFileType = sourcecode.swift; path = SceneDelegate.swift; sourceTree = "<group>"; };
		E8E84785279EF6EC00D5A482 /* Assets.xcassets */ = {isa = PBXFileReference; lastKnownFileType = folder.assetcatalog; path = Assets.xcassets; sourceTree = "<group>"; };
		E8E84788279EF6EC00D5A482 /* Base */ = {isa = PBXFileReference; lastKnownFileType = file.storyboard; name = Base; path = Base.lproj/LaunchScreen.storyboard; sourceTree = "<group>"; };
		E8E8478A279EF6EC00D5A482 /* Info.plist */ = {isa = PBXFileReference; lastKnownFileType = text.plist.xml; path = Info.plist; sourceTree = "<group>"; };
		E8FF04F527B2111C00C7C3E5 /* SignupPopUpViewController.swift */ = {isa = PBXFileReference; lastKnownFileType = sourcecode.swift; path = SignupPopUpViewController.swift; sourceTree = "<group>"; };
		E8FF04F727B212C000C7C3E5 /* NotoSansKR-Medium.otf */ = {isa = PBXFileReference; lastKnownFileType = file; path = "NotoSansKR-Medium.otf"; sourceTree = "<group>"; };
		E8FF04F827B212C000C7C3E5 /* NotoSansKR-Bold.otf */ = {isa = PBXFileReference; lastKnownFileType = file; path = "NotoSansKR-Bold.otf"; sourceTree = "<group>"; };
		E8FF04F927B212C000C7C3E5 /* NotoSansKR-Regular.otf */ = {isa = PBXFileReference; lastKnownFileType = file; path = "NotoSansKR-Regular.otf"; sourceTree = "<group>"; };
/* End PBXFileReference section */

/* Begin PBXFrameworksBuildPhase section */
		8648AD9127E8D417009F5C7A /* Frameworks */ = {
			isa = PBXFrameworksBuildPhase;
			buildActionMask = 2147483647;
			files = (
				AE6014EE07B3BD5F1CED1FC6 /* Pods_HACKERTests.framework in Frameworks */,
			);
			runOnlyForDeploymentPostprocessing = 0;
		};
		86F9EB1D27E8D51100E1FEFD /* Frameworks */ = {
			isa = PBXFrameworksBuildPhase;
			buildActionMask = 2147483647;
			files = (
				3A3D50C1AFB4489BB093B1EB /* Pods_HACKERUITests.framework in Frameworks */,
			);
			runOnlyForDeploymentPostprocessing = 0;
		};
		E8E84776279EF6E900D5A482 /* Frameworks */ = {
			isa = PBXFrameworksBuildPhase;
			buildActionMask = 2147483647;
			files = (
				C4C05B48E05749AF8AC87FED /* Pods_HACKER.framework in Frameworks */,
			);
			runOnlyForDeploymentPostprocessing = 0;
		};
/* End PBXFrameworksBuildPhase section */

/* Begin PBXGroup section */
		77576EC227EB888E005AF6DA /* Views */ = {
			isa = PBXGroup;
			children = (
				77576EC327EB88A0005AF6DA /* HackerNavigationBar.swift */,
			);
			path = Views;
			sourceTree = "<group>";
		};
		77576EC527EB908B005AF6DA /* SettingViewController */ = {
			isa = PBXGroup;
			children = (
				77576EC827ECDA95005AF6DA /* Cell */,
				77576EC627EB90A2005AF6DA /* SettingViewController.swift */,
				773D93C727F09A2D0014DE3A /* LogoutViewController.swift */,
			);
			path = SettingViewController;
			sourceTree = "<group>";
		};
		77576EC827ECDA95005AF6DA /* Cell */ = {
			isa = PBXGroup;
			children = (
				77576EC927ECDAB3005AF6DA /* SettingTableViewCell.swift */,
			);
			path = Cell;
			sourceTree = "<group>";
		};
		8648AD9527E8D417009F5C7A /* HACKERTests */ = {
			isa = PBXGroup;
			children = (
				8648AD9627E8D417009F5C7A /* HACKERTests.swift */,
			);
			path = HACKERTests;
			sourceTree = "<group>";
		};
		86DF9A7527ECF19900C7D493 /* Utils */ = {
			isa = PBXGroup;
			children = (
				86DF9A7627ECF1B500C7D493 /* UITestUtils.swift */,
				86F9EB3427E9DBAE00E1FEFD /* TestErrorMessage.swift */,
				869B5AC027ECFFB500F2ACA7 /* XCUIApplication+Extension.swift */,
				869B5AC227ED04D000F2ACA7 /* XCUIElement+Extension.swift */,
			);
			path = Utils;
			sourceTree = "<group>";
		};
		86F7ADBA2E616E873EB7C0F1 /* Frameworks */ = {
			isa = PBXGroup;
			children = (
				A0FDE97D43B564FE2665C5AB /* Pods_HACKER.framework */,
				C79CD676A7BE0B5AFC5D6A3E /* Pods_HACKERTests.framework */,
				2630E0090F60CB7C7F7933B4 /* Pods_HACKERUITests.framework */,
			);
			name = Frameworks;
			sourceTree = "<group>";
		};
		86F9EB2127E8D51100E1FEFD /* HACKERUITests */ = {
			isa = PBXGroup;
			children = (
				86DF9A7527ECF19900C7D493 /* Utils */,
				86F9EB2227E8D51100E1FEFD /* HACKERUITests.swift */,
				86DF9A7327EB37C900C7D493 /* SignupUITests.swift */,
				86DF9A7A27ECF8EC00C7D493 /* NicknameUITests.swift */,
			);
			path = HACKERUITests;
			sourceTree = "<group>";
		};
		C6B966991ABEEE5DCED8EA98 /* Pods */ = {
			isa = PBXGroup;
			children = (
				D43D251F9FBD31ADDBC63F1C /* Pods-HACKER.debug.xcconfig */,
				D64BBA392CA295A2C82DAB1C /* Pods-HACKER.release.xcconfig */,
				6D722C98A0200948EF94743D /* Pods-HACKERTests.debug.xcconfig */,
				179B89A19054060BF06216B1 /* Pods-HACKERTests.release.xcconfig */,
				834AE9E2D5646B5161A239D4 /* Pods-HACKERUITests.debug.xcconfig */,
				41BDBABACCF0BB55F93813D2 /* Pods-HACKERUITests.release.xcconfig */,
			);
			path = Pods;
			sourceTree = "<group>";
		};
		E833EEEE27C2477900107741 /* LoginViewController */ = {
			isa = PBXGroup;
			children = (
				E833EEF027C2479C00107741 /* LoginViewController.swift */,
				E833EEF227C247A400107741 /* SplashViewController.swift */,
			);
			path = LoginViewController;
			sourceTree = "<group>";
		};
		E855DD2427EF0A6C003F3B34 /* ShoppingRankingViewController */ = {
			isa = PBXGroup;
			children = (
				E855DD2727EF0ACA003F3B34 /* Cells */,
				E855DD2527EF0AC4003F3B34 /* ShoppingRankingViewController.swift */,
				E855DD3527EF4556003F3B34 /* AddFriendViewController.swift */,
			);
			path = ShoppingRankingViewController;
			sourceTree = "<group>";
		};
		E855DD2727EF0ACA003F3B34 /* Cells */ = {
			isa = PBXGroup;
			children = (
				E855DD2827EF0AE4003F3B34 /* TabbarCollectionViewCell.swift */,
				E855DD2A27EF0AED003F3B34 /* ShoppingCollectionViewCell.swift */,
				E855DD2C27EF0AF5003F3B34 /* RankingCollectionViewCell.swift */,
				E855DD3127EF422C003F3B34 /* AddFriendCollectionViewCell.swift */,
				E855DD3327EF423D003F3B34 /* MyFriendsCollectionViewCell.swift */,
				E855DD3727EF65EB003F3B34 /* RankingTableViewCell.swift */,
			);
			path = Cells;
			sourceTree = "<group>";
		};
		E855DD2E27EF1DB3003F3B34 /* Protocols */ = {
			isa = PBXGroup;
			children = (
				E855DD2F27EF1DC4003F3B34 /* identifiable.swift */,
			);
			path = Protocols;
			sourceTree = "<group>";
		};
		E87580A827B16EB200C7E7E2 /* SignupViewController */ = {
			isa = PBXGroup;
			children = (
				E87580AC27B16EDF00C7E7E2 /* SignupViewController.swift */,
				E8FF04F527B2111C00C7C3E5 /* SignupPopUpViewController.swift */,
			);
			path = SignupViewController;
			sourceTree = "<group>";
		};
		E87580A927B16EBC00C7E7E2 /* NicknameViewController */ = {
			isa = PBXGroup;
			children = (
				E87580AA27B16ED600C7E7E2 /* NicknameViewController.swift */,
				E833EEF427C24D7E00107741 /* UnknownUserPopUpViewController.swift */,
				E833EEF627C24D9000107741 /* NickNameCheckPopUpViewController.swift */,
			);
			path = NicknameViewController;
			sourceTree = "<group>";
		};
		E876118E279EFE4B00D238B3 /* Resources */ = {
			isa = PBXGroup;
			children = (
				E855DD2E27EF1DB3003F3B34 /* Protocols */,
				E8761194279EFEF900D238B3 /* Constants */,
				E8761193279EFECF00D238B3 /* Fonts */,
				E8761192279EFEC700D238B3 /* Extensions */,
				E8E84785279EF6EC00D5A482 /* Assets.xcassets */,
			);
			path = Resources;
			sourceTree = "<group>";
		};
		E876118F279EFE5500D238B3 /* Sources */ = {
			isa = PBXGroup;
			children = (
				E8761190279EFE7C00D238B3 /* ViewControllers */,
				77576EC227EB888E005AF6DA /* Views */,
				E8E8477C279EF6E900D5A482 /* AppDelegate.swift */,
				E8E8477E279EF6E900D5A482 /* SceneDelegate.swift */,
			);
			path = Sources;
			sourceTree = "<group>";
		};
		E8761190279EFE7C00D238B3 /* ViewControllers */ = {
			isa = PBXGroup;
			children = (
				E855DD2427EF0A6C003F3B34 /* ShoppingRankingViewController */,
				E88D4C3727E44AFD009F65E3 /* TabBarViewController */,
				E88D4C3227E449D9009F65E3 /* MainViewController */,
				E833EEEE27C2477900107741 /* LoginViewController */,
				E87580A927B16EBC00C7E7E2 /* NicknameViewController */,
				E87580A827B16EB200C7E7E2 /* SignupViewController */,
				77576EC527EB908B005AF6DA /* SettingViewController */,
			);
			path = ViewControllers;
			sourceTree = "<group>";
		};
		E8761192279EFEC700D238B3 /* Extensions */ = {
			isa = PBXGroup;
			children = (
				E876119727A0395D00D238B3 /* UIView+Extension.swift */,
				E876119927A0396D00D238B3 /* UILabel+Extension.swift */,
				E876119B27A0397700D238B3 /* UIColor+Extension.swift */,
				E876119D27A0398000D238B3 /* UIFont+Extension.swift */,
				E876119F27A0398B00D238B3 /* UIButton+Extension.swift */,
				E8C36D1827C5214100DBDE21 /* UITextField+Extension.swift */,
			);
			path = Extensions;
			sourceTree = "<group>";
		};
		E8761193279EFECF00D238B3 /* Fonts */ = {
			isa = PBXGroup;
			children = (
				E8547B9127BC085D0078EEA8 /* KCC-Kimhwanki.otf */,
				E8FF04F827B212C000C7C3E5 /* NotoSansKR-Bold.otf */,
				E8FF04F727B212C000C7C3E5 /* NotoSansKR-Medium.otf */,
				E8FF04F927B212C000C7C3E5 /* NotoSansKR-Regular.otf */,
			);
			path = Fonts;
			sourceTree = "<group>";
		};
		E8761194279EFEF900D238B3 /* Constants */ = {
			isa = PBXGroup;
			children = (
				86F9EB2B27E9CDF000E1FEFD /* TargetIdentifier.swift */,
				E87AA6952809C774008913AE /* Notification.swift */,
				77576ECB27ECDB26005AF6DA /* Const.swift */,
			);
			path = Constants;
			sourceTree = "<group>";
		};
		E88D4C3227E449D9009F65E3 /* MainViewController */ = {
			isa = PBXGroup;
			children = (
				E88D4C3327E44A27009F65E3 /* MainViewController.swift */,
				E88D4C3527E44A32009F65E3 /* MainProfileViewController.swift */,
			);
			path = MainViewController;
			sourceTree = "<group>";
		};
		E88D4C3727E44AFD009F65E3 /* TabBarViewController */ = {
			isa = PBXGroup;
			children = (
				E88D4C3A27E44E34009F65E3 /* TabBarViewController.swift */,
			);
			path = TabBarViewController;
			sourceTree = "<group>";
		};
		E8E84770279EF6E900D5A482 = {
			isa = PBXGroup;
			children = (
				E87580A627B15FFD00C7E7E2 /* .swiftlint.yml */,
				E8E8477B279EF6E900D5A482 /* HACKER */,
				8648AD9527E8D417009F5C7A /* HACKERTests */,
				86F9EB2127E8D51100E1FEFD /* HACKERUITests */,
				E8E8477A279EF6E900D5A482 /* Products */,
				C6B966991ABEEE5DCED8EA98 /* Pods */,
				86F7ADBA2E616E873EB7C0F1 /* Frameworks */,
			);
			sourceTree = "<group>";
		};
		E8E8477A279EF6E900D5A482 /* Products */ = {
			isa = PBXGroup;
			children = (
				E8E84779279EF6E900D5A482 /* HACKER.app */,
				8648AD9427E8D417009F5C7A /* HACKERTests.xctest */,
				86F9EB2027E8D51100E1FEFD /* HACKERUITests.xctest */,
			);
			name = Products;
			sourceTree = "<group>";
		};
		E8E8477B279EF6E900D5A482 /* HACKER */ = {
			isa = PBXGroup;
			children = (
				775BA15627E7783700A43516 /* HACKER.entitlements */,
				E8E8478A279EF6EC00D5A482 /* Info.plist */,
				E876118E279EFE4B00D238B3 /* Resources */,
				E876118F279EFE5500D238B3 /* Sources */,
				E8E84787279EF6EC00D5A482 /* LaunchScreen.storyboard */,
			);
			path = HACKER;
			sourceTree = "<group>";
		};
/* End PBXGroup section */

/* Begin PBXNativeTarget section */
		8648AD9327E8D417009F5C7A /* HACKERTests */ = {
			isa = PBXNativeTarget;
			buildConfigurationList = 8648AD9C27E8D417009F5C7A /* Build configuration list for PBXNativeTarget "HACKERTests" */;
			buildPhases = (
				5A6DD4C1BA5DFF378BF6A3E7 /* [CP] Check Pods Manifest.lock */,
				8648AD9027E8D417009F5C7A /* Sources */,
				8648AD9127E8D417009F5C7A /* Frameworks */,
				8648AD9227E8D417009F5C7A /* Resources */,
				C522486226FD67E71035C6E0 /* [CP] Embed Pods Frameworks */,
			);
			buildRules = (
			);
			dependencies = (
				8648AD9927E8D417009F5C7A /* PBXTargetDependency */,
			);
			name = HACKERTests;
			productName = HACKERTests;
			productReference = 8648AD9427E8D417009F5C7A /* HACKERTests.xctest */;
			productType = "com.apple.product-type.bundle.unit-test";
		};
		86F9EB1F27E8D51100E1FEFD /* HACKERUITests */ = {
			isa = PBXNativeTarget;
			buildConfigurationList = 86F9EB2A27E8D51100E1FEFD /* Build configuration list for PBXNativeTarget "HACKERUITests" */;
			buildPhases = (
				3836E34CFC28A6763ADC4713 /* [CP] Check Pods Manifest.lock */,
				86F9EB1C27E8D51100E1FEFD /* Sources */,
				86F9EB1D27E8D51100E1FEFD /* Frameworks */,
				86F9EB1E27E8D51100E1FEFD /* Resources */,
				C5B6EBEB0FDC993A88BB3373 /* [CP] Embed Pods Frameworks */,
			);
			buildRules = (
			);
			dependencies = (
				86F9EB2727E8D51100E1FEFD /* PBXTargetDependency */,
			);
			name = HACKERUITests;
			productName = HACKERUITests;
			productReference = 86F9EB2027E8D51100E1FEFD /* HACKERUITests.xctest */;
			productType = "com.apple.product-type.bundle.ui-testing";
		};
		E8E84778279EF6E900D5A482 /* HACKER */ = {
			isa = PBXNativeTarget;
			buildConfigurationList = E8E8478D279EF6EC00D5A482 /* Build configuration list for PBXNativeTarget "HACKER" */;
			buildPhases = (
				D97F45656BAAD618823AD183 /* [CP] Check Pods Manifest.lock */,
				E8E84775279EF6E900D5A482 /* Sources */,
				E8E84776279EF6E900D5A482 /* Frameworks */,
				E8E84777279EF6E900D5A482 /* Resources */,
				E875809E27B15CF200C7E7E2 /* Run Script */,
				4CDE49991AA512E7CF404C0F /* [CP] Embed Pods Frameworks */,
			);
			buildRules = (
			);
			dependencies = (
			);
			name = HACKER;
			productName = HACKER;
			productReference = E8E84779279EF6E900D5A482 /* HACKER.app */;
			productType = "com.apple.product-type.application";
		};
/* End PBXNativeTarget section */

/* Begin PBXProject section */
		E8E84771279EF6E900D5A482 /* Project object */ = {
			isa = PBXProject;
			attributes = {
				BuildIndependentTargetsInParallel = 1;
				LastSwiftUpdateCheck = 1320;
				LastUpgradeCheck = 1310;
				TargetAttributes = {
					8648AD9327E8D417009F5C7A = {
						CreatedOnToolsVersion = 13.2.1;
						TestTargetID = E8E84778279EF6E900D5A482;
					};
					86F9EB1F27E8D51100E1FEFD = {
						CreatedOnToolsVersion = 13.2.1;
						TestTargetID = E8E84778279EF6E900D5A482;
					};
					E8E84778279EF6E900D5A482 = {
						CreatedOnToolsVersion = 13.1;
					};
				};
			};
			buildConfigurationList = E8E84774279EF6E900D5A482 /* Build configuration list for PBXProject "HACKER" */;
			compatibilityVersion = "Xcode 13.0";
			developmentRegion = en;
			hasScannedForEncodings = 0;
			knownRegions = (
				en,
				Base,
			);
			mainGroup = E8E84770279EF6E900D5A482;
			productRefGroup = E8E8477A279EF6E900D5A482 /* Products */;
			projectDirPath = "";
			projectRoot = "";
			targets = (
				E8E84778279EF6E900D5A482 /* HACKER */,
				8648AD9327E8D417009F5C7A /* HACKERTests */,
				86F9EB1F27E8D51100E1FEFD /* HACKERUITests */,
			);
		};
/* End PBXProject section */

/* Begin PBXResourcesBuildPhase section */
		8648AD9227E8D417009F5C7A /* Resources */ = {
			isa = PBXResourcesBuildPhase;
			buildActionMask = 2147483647;
			files = (
			);
			runOnlyForDeploymentPostprocessing = 0;
		};
		86F9EB1E27E8D51100E1FEFD /* Resources */ = {
			isa = PBXResourcesBuildPhase;
			buildActionMask = 2147483647;
			files = (
			);
			runOnlyForDeploymentPostprocessing = 0;
		};
		E8E84777279EF6E900D5A482 /* Resources */ = {
			isa = PBXResourcesBuildPhase;
			buildActionMask = 2147483647;
			files = (
				E8FF04FA27B212C000C7C3E5 /* NotoSansKR-Medium.otf in Resources */,
				E8547B9227BC085D0078EEA8 /* KCC-Kimhwanki.otf in Resources */,
				E87580A727B15FFD00C7E7E2 /* .swiftlint.yml in Resources */,
				E8E84789279EF6EC00D5A482 /* LaunchScreen.storyboard in Resources */,
				E8E84786279EF6EC00D5A482 /* Assets.xcassets in Resources */,
				E8FF04FC27B212C000C7C3E5 /* NotoSansKR-Regular.otf in Resources */,
				E8FF04FB27B212C000C7C3E5 /* NotoSansKR-Bold.otf in Resources */,
			);
			runOnlyForDeploymentPostprocessing = 0;
		};
/* End PBXResourcesBuildPhase section */

/* Begin PBXShellScriptBuildPhase section */
		3836E34CFC28A6763ADC4713 /* [CP] Check Pods Manifest.lock */ = {
			isa = PBXShellScriptBuildPhase;
			buildActionMask = 2147483647;
			files = (
			);
			inputFileListPaths = (
			);
			inputPaths = (
				"${PODS_PODFILE_DIR_PATH}/Podfile.lock",
				"${PODS_ROOT}/Manifest.lock",
			);
			name = "[CP] Check Pods Manifest.lock";
			outputFileListPaths = (
			);
			outputPaths = (
				"$(DERIVED_FILE_DIR)/Pods-HACKERUITests-checkManifestLockResult.txt",
			);
			runOnlyForDeploymentPostprocessing = 0;
			shellPath = /bin/sh;
			shellScript = "diff \"${PODS_PODFILE_DIR_PATH}/Podfile.lock\" \"${PODS_ROOT}/Manifest.lock\" > /dev/null\nif [ $? != 0 ] ; then\n    # print error to STDERR\n    echo \"error: The sandbox is not in sync with the Podfile.lock. Run 'pod install' or update your CocoaPods installation.\" >&2\n    exit 1\nfi\n# This output is used by Xcode 'outputs' to avoid re-running this script phase.\necho \"SUCCESS\" > \"${SCRIPT_OUTPUT_FILE_0}\"\n";
			showEnvVarsInLog = 0;
		};
		4CDE49991AA512E7CF404C0F /* [CP] Embed Pods Frameworks */ = {
			isa = PBXShellScriptBuildPhase;
			buildActionMask = 2147483647;
			files = (
			);
			inputFileListPaths = (
				"${PODS_ROOT}/Target Support Files/Pods-HACKER/Pods-HACKER-frameworks-${CONFIGURATION}-input-files.xcfilelist",
			);
			name = "[CP] Embed Pods Frameworks";
			outputFileListPaths = (
				"${PODS_ROOT}/Target Support Files/Pods-HACKER/Pods-HACKER-frameworks-${CONFIGURATION}-output-files.xcfilelist",
			);
			runOnlyForDeploymentPostprocessing = 0;
			shellPath = /bin/sh;
			shellScript = "\"${PODS_ROOT}/Target Support Files/Pods-HACKER/Pods-HACKER-frameworks.sh\"\n";
			showEnvVarsInLog = 0;
		};
		5A6DD4C1BA5DFF378BF6A3E7 /* [CP] Check Pods Manifest.lock */ = {
			isa = PBXShellScriptBuildPhase;
			buildActionMask = 2147483647;
			files = (
			);
			inputFileListPaths = (
			);
			inputPaths = (
				"${PODS_PODFILE_DIR_PATH}/Podfile.lock",
				"${PODS_ROOT}/Manifest.lock",
			);
			name = "[CP] Check Pods Manifest.lock";
			outputFileListPaths = (
			);
			outputPaths = (
				"$(DERIVED_FILE_DIR)/Pods-HACKERTests-checkManifestLockResult.txt",
			);
			runOnlyForDeploymentPostprocessing = 0;
			shellPath = /bin/sh;
			shellScript = "diff \"${PODS_PODFILE_DIR_PATH}/Podfile.lock\" \"${PODS_ROOT}/Manifest.lock\" > /dev/null\nif [ $? != 0 ] ; then\n    # print error to STDERR\n    echo \"error: The sandbox is not in sync with the Podfile.lock. Run 'pod install' or update your CocoaPods installation.\" >&2\n    exit 1\nfi\n# This output is used by Xcode 'outputs' to avoid re-running this script phase.\necho \"SUCCESS\" > \"${SCRIPT_OUTPUT_FILE_0}\"\n";
			showEnvVarsInLog = 0;
		};
		C522486226FD67E71035C6E0 /* [CP] Embed Pods Frameworks */ = {
			isa = PBXShellScriptBuildPhase;
			buildActionMask = 2147483647;
			files = (
			);
			inputFileListPaths = (
				"${PODS_ROOT}/Target Support Files/Pods-HACKERTests/Pods-HACKERTests-frameworks-${CONFIGURATION}-input-files.xcfilelist",
			);
			name = "[CP] Embed Pods Frameworks";
			outputFileListPaths = (
				"${PODS_ROOT}/Target Support Files/Pods-HACKERTests/Pods-HACKERTests-frameworks-${CONFIGURATION}-output-files.xcfilelist",
			);
			runOnlyForDeploymentPostprocessing = 0;
			shellPath = /bin/sh;
			shellScript = "\"${PODS_ROOT}/Target Support Files/Pods-HACKERTests/Pods-HACKERTests-frameworks.sh\"\n";
			showEnvVarsInLog = 0;
		};
		C5B6EBEB0FDC993A88BB3373 /* [CP] Embed Pods Frameworks */ = {
			isa = PBXShellScriptBuildPhase;
			buildActionMask = 2147483647;
			files = (
			);
			inputFileListPaths = (
				"${PODS_ROOT}/Target Support Files/Pods-HACKERUITests/Pods-HACKERUITests-frameworks-${CONFIGURATION}-input-files.xcfilelist",
			);
			name = "[CP] Embed Pods Frameworks";
			outputFileListPaths = (
				"${PODS_ROOT}/Target Support Files/Pods-HACKERUITests/Pods-HACKERUITests-frameworks-${CONFIGURATION}-output-files.xcfilelist",
			);
			runOnlyForDeploymentPostprocessing = 0;
			shellPath = /bin/sh;
			shellScript = "\"${PODS_ROOT}/Target Support Files/Pods-HACKERUITests/Pods-HACKERUITests-frameworks.sh\"\n";
			showEnvVarsInLog = 0;
		};
		D97F45656BAAD618823AD183 /* [CP] Check Pods Manifest.lock */ = {
			isa = PBXShellScriptBuildPhase;
			buildActionMask = 2147483647;
			files = (
			);
			inputFileListPaths = (
			);
			inputPaths = (
				"${PODS_PODFILE_DIR_PATH}/Podfile.lock",
				"${PODS_ROOT}/Manifest.lock",
			);
			name = "[CP] Check Pods Manifest.lock";
			outputFileListPaths = (
			);
			outputPaths = (
				"$(DERIVED_FILE_DIR)/Pods-HACKER-checkManifestLockResult.txt",
			);
			runOnlyForDeploymentPostprocessing = 0;
			shellPath = /bin/sh;
			shellScript = "diff \"${PODS_PODFILE_DIR_PATH}/Podfile.lock\" \"${PODS_ROOT}/Manifest.lock\" > /dev/null\nif [ $? != 0 ] ; then\n    # print error to STDERR\n    echo \"error: The sandbox is not in sync with the Podfile.lock. Run 'pod install' or update your CocoaPods installation.\" >&2\n    exit 1\nfi\n# This output is used by Xcode 'outputs' to avoid re-running this script phase.\necho \"SUCCESS\" > \"${SCRIPT_OUTPUT_FILE_0}\"\n";
			showEnvVarsInLog = 0;
		};
		E875809E27B15CF200C7E7E2 /* Run Script */ = {
			isa = PBXShellScriptBuildPhase;
			buildActionMask = 2147483647;
			files = (
			);
			inputFileListPaths = (
			);
			inputPaths = (
			);
			name = "Run Script";
			outputFileListPaths = (
			);
			outputPaths = (
			);
			runOnlyForDeploymentPostprocessing = 0;
			shellPath = /bin/sh;
			shellScript = "${PODS_ROOT}/SwiftLint/swiftlint\n";
		};
/* End PBXShellScriptBuildPhase section */

/* Begin PBXSourcesBuildPhase section */
		8648AD9027E8D417009F5C7A /* Sources */ = {
			isa = PBXSourcesBuildPhase;
			buildActionMask = 2147483647;
			files = (
				8648AD9727E8D417009F5C7A /* HACKERTests.swift in Sources */,
				86DF9A7927ECF61E00C7D493 /* TargetIdentifier.swift in Sources */,
			);
			runOnlyForDeploymentPostprocessing = 0;
		};
		86F9EB1C27E8D51100E1FEFD /* Sources */ = {
			isa = PBXSourcesBuildPhase;
			buildActionMask = 2147483647;
			files = (
				869B5AC127ECFFB500F2ACA7 /* XCUIApplication+Extension.swift in Sources */,
				869B5AC327ED04D000F2ACA7 /* XCUIElement+Extension.swift in Sources */,
				86F9EB3727E9DBB400E1FEFD /* TestErrorMessage.swift in Sources */,
				86DF9A7727ECF1B500C7D493 /* UITestUtils.swift in Sources */,
				86DF9A7427EB37CA00C7D493 /* SignupUITests.swift in Sources */,
				86F9EB3027E9D63000E1FEFD /* TargetIdentifier.swift in Sources */,
				86F9EB2327E8D51100E1FEFD /* HACKERUITests.swift in Sources */,
				86DF9A7B27ECF8EC00C7D493 /* NicknameUITests.swift in Sources */,
			);
			runOnlyForDeploymentPostprocessing = 0;
		};
		E8E84775279EF6E900D5A482 /* Sources */ = {
			isa = PBXSourcesBuildPhase;
			buildActionMask = 2147483647;
			files = (
				E833EEF127C2479C00107741 /* LoginViewController.swift in Sources */,
				E8FF04F627B2111C00C7C3E5 /* SignupPopUpViewController.swift in Sources */,
				E876119C27A0397700D238B3 /* UIColor+Extension.swift in Sources */,
				77576EC727EB90A2005AF6DA /* SettingViewController.swift in Sources */,
				E87580AD27B16EDF00C7E7E2 /* SignupViewController.swift in Sources */,
				E8C36D1927C5214100DBDE21 /* UITextField+Extension.swift in Sources */,
				E855DD3827EF65EB003F3B34 /* RankingTableViewCell.swift in Sources */,
				E855DD3227EF422C003F3B34 /* AddFriendCollectionViewCell.swift in Sources */,
				E855DD3427EF423D003F3B34 /* MyFriendsCollectionViewCell.swift in Sources */,
				E855DD3627EF4556003F3B34 /* AddFriendViewController.swift in Sources */,
				E855DD2B27EF0AED003F3B34 /* ShoppingCollectionViewCell.swift in Sources */,
				E876119A27A0396D00D238B3 /* UILabel+Extension.swift in Sources */,
				E855DD3027EF1DC4003F3B34 /* identifiable.swift in Sources */,
				E88D4C3427E44A27009F65E3 /* MainViewController.swift in Sources */,
				E833EEF327C247A400107741 /* SplashViewController.swift in Sources */,
				77576EC427EB88A0005AF6DA /* HackerNavigationBar.swift in Sources */,
				E8E8477D279EF6E900D5A482 /* AppDelegate.swift in Sources */,
				E855DD2D27EF0AF5003F3B34 /* RankingCollectionViewCell.swift in Sources */,
				E87611A027A0398B00D238B3 /* UIButton+Extension.swift in Sources */,
				77576ECA27ECDAB3005AF6DA /* SettingTableViewCell.swift in Sources */,
				E876119827A0395D00D238B3 /* UIView+Extension.swift in Sources */,
				E855DD2627EF0AC4003F3B34 /* ShoppingRankingViewController.swift in Sources */,
				E876119E27A0398000D238B3 /* UIFont+Extension.swift in Sources */,
				E88D4C3B27E44E34009F65E3 /* TabBarViewController.swift in Sources */,
				86DF9A7827ECF61E00C7D493 /* TargetIdentifier.swift in Sources */,
				E855DD2927EF0AE4003F3B34 /* TabbarCollectionViewCell.swift in Sources */,
				E833EEF527C24D7E00107741 /* UnknownUserPopUpViewController.swift in Sources */,
				E87580AB27B16ED600C7E7E2 /* NicknameViewController.swift in Sources */,
				E87AA6962809C774008913AE /* Notification.swift in Sources */,
				E833EEF727C24D9000107741 /* NickNameCheckPopUpViewController.swift in Sources */,
				E8E8477F279EF6E900D5A482 /* SceneDelegate.swift in Sources */,
				E88D4C3627E44A32009F65E3 /* MainProfileViewController.swift in Sources */,
				773D93C827F09A2D0014DE3A /* LogoutViewController.swift in Sources */,
				77576ECC27ECDB26005AF6DA /* Const.swift in Sources */,
			);
			runOnlyForDeploymentPostprocessing = 0;
		};
/* End PBXSourcesBuildPhase section */

/* Begin PBXTargetDependency section */
		8648AD9927E8D417009F5C7A /* PBXTargetDependency */ = {
			isa = PBXTargetDependency;
			target = E8E84778279EF6E900D5A482 /* HACKER */;
			targetProxy = 8648AD9827E8D417009F5C7A /* PBXContainerItemProxy */;
		};
		86F9EB2727E8D51100E1FEFD /* PBXTargetDependency */ = {
			isa = PBXTargetDependency;
			target = E8E84778279EF6E900D5A482 /* HACKER */;
			targetProxy = 86F9EB2627E8D51100E1FEFD /* PBXContainerItemProxy */;
		};
/* End PBXTargetDependency section */

/* Begin PBXVariantGroup section */
		E8E84787279EF6EC00D5A482 /* LaunchScreen.storyboard */ = {
			isa = PBXVariantGroup;
			children = (
				E8E84788279EF6EC00D5A482 /* Base */,
			);
			name = LaunchScreen.storyboard;
			sourceTree = "<group>";
		};
/* End PBXVariantGroup section */

/* Begin XCBuildConfiguration section */
		8648AD9A27E8D417009F5C7A /* Debug */ = {
			isa = XCBuildConfiguration;
			baseConfigurationReference = 6D722C98A0200948EF94743D /* Pods-HACKERTests.debug.xcconfig */;
			buildSettings = {
				BUNDLE_LOADER = "$(TEST_HOST)";
				CODE_SIGN_STYLE = Automatic;
				CURRENT_PROJECT_VERSION = 1;
				DEVELOPMENT_TEAM = J92QJ4K4KU;
				GENERATE_INFOPLIST_FILE = YES;
				IPHONEOS_DEPLOYMENT_TARGET = 15.0;
				MARKETING_VERSION = 1.0;
				PRODUCT_BUNDLE_IDENTIFIER = danna.HACKERTests;
				PRODUCT_NAME = "$(TARGET_NAME)";
				SWIFT_EMIT_LOC_STRINGS = NO;
				SWIFT_VERSION = 5.0;
				TARGETED_DEVICE_FAMILY = "1,2";
				TEST_HOST = "$(BUILT_PRODUCTS_DIR)/HACKER.app/HACKER";
			};
			name = Debug;
		};
		8648AD9B27E8D417009F5C7A /* Release */ = {
			isa = XCBuildConfiguration;
			baseConfigurationReference = 179B89A19054060BF06216B1 /* Pods-HACKERTests.release.xcconfig */;
			buildSettings = {
				BUNDLE_LOADER = "$(TEST_HOST)";
				CODE_SIGN_STYLE = Automatic;
				CURRENT_PROJECT_VERSION = 1;
				DEVELOPMENT_TEAM = J92QJ4K4KU;
				GENERATE_INFOPLIST_FILE = YES;
				IPHONEOS_DEPLOYMENT_TARGET = 15.0;
				MARKETING_VERSION = 1.0;
				PRODUCT_BUNDLE_IDENTIFIER = danna.HACKERTests;
				PRODUCT_NAME = "$(TARGET_NAME)";
				SWIFT_EMIT_LOC_STRINGS = NO;
				SWIFT_VERSION = 5.0;
				TARGETED_DEVICE_FAMILY = "1,2";
				TEST_HOST = "$(BUILT_PRODUCTS_DIR)/HACKER.app/HACKER";
			};
			name = Release;
		};
		86F9EB2827E8D51100E1FEFD /* Debug */ = {
			isa = XCBuildConfiguration;
			baseConfigurationReference = 834AE9E2D5646B5161A239D4 /* Pods-HACKERUITests.debug.xcconfig */;
			buildSettings = {
				CODE_SIGN_STYLE = Automatic;
				CURRENT_PROJECT_VERSION = 1;
				DEVELOPMENT_TEAM = J92QJ4K4KU;
				GENERATE_INFOPLIST_FILE = YES;
				IPHONEOS_DEPLOYMENT_TARGET = 15.0;
				MARKETING_VERSION = 1.0;
				PRODUCT_BUNDLE_IDENTIFIER = danna.HACKERUITests;
				PRODUCT_NAME = "$(TARGET_NAME)";
				SWIFT_EMIT_LOC_STRINGS = NO;
				SWIFT_VERSION = 5.0;
				TARGETED_DEVICE_FAMILY = "1,2";
				TEST_TARGET_NAME = HACKER;
			};
			name = Debug;
		};
		86F9EB2927E8D51100E1FEFD /* Release */ = {
			isa = XCBuildConfiguration;
			baseConfigurationReference = 41BDBABACCF0BB55F93813D2 /* Pods-HACKERUITests.release.xcconfig */;
			buildSettings = {
				CODE_SIGN_STYLE = Automatic;
				CURRENT_PROJECT_VERSION = 1;
				DEVELOPMENT_TEAM = J92QJ4K4KU;
				GENERATE_INFOPLIST_FILE = YES;
				IPHONEOS_DEPLOYMENT_TARGET = 15.0;
				MARKETING_VERSION = 1.0;
				PRODUCT_BUNDLE_IDENTIFIER = danna.HACKERUITests;
				PRODUCT_NAME = "$(TARGET_NAME)";
				SWIFT_EMIT_LOC_STRINGS = NO;
				SWIFT_VERSION = 5.0;
				TARGETED_DEVICE_FAMILY = "1,2";
				TEST_TARGET_NAME = HACKER;
			};
			name = Release;
		};
		E8E8478B279EF6EC00D5A482 /* Debug */ = {
			isa = XCBuildConfiguration;
			buildSettings = {
				ALWAYS_SEARCH_USER_PATHS = NO;
				CLANG_ANALYZER_NONNULL = YES;
				CLANG_ANALYZER_NUMBER_OBJECT_CONVERSION = YES_AGGRESSIVE;
				CLANG_CXX_LANGUAGE_STANDARD = "gnu++17";
				CLANG_CXX_LIBRARY = "libc++";
				CLANG_ENABLE_MODULES = YES;
				CLANG_ENABLE_OBJC_ARC = YES;
				CLANG_ENABLE_OBJC_WEAK = YES;
				CLANG_WARN_BLOCK_CAPTURE_AUTORELEASING = YES;
				CLANG_WARN_BOOL_CONVERSION = YES;
				CLANG_WARN_COMMA = YES;
				CLANG_WARN_CONSTANT_CONVERSION = YES;
				CLANG_WARN_DEPRECATED_OBJC_IMPLEMENTATIONS = YES;
				CLANG_WARN_DIRECT_OBJC_ISA_USAGE = YES_ERROR;
				CLANG_WARN_DOCUMENTATION_COMMENTS = YES;
				CLANG_WARN_EMPTY_BODY = YES;
				CLANG_WARN_ENUM_CONVERSION = YES;
				CLANG_WARN_INFINITE_RECURSION = YES;
				CLANG_WARN_INT_CONVERSION = YES;
				CLANG_WARN_NON_LITERAL_NULL_CONVERSION = YES;
				CLANG_WARN_OBJC_IMPLICIT_RETAIN_SELF = YES;
				CLANG_WARN_OBJC_LITERAL_CONVERSION = YES;
				CLANG_WARN_OBJC_ROOT_CLASS = YES_ERROR;
				CLANG_WARN_QUOTED_INCLUDE_IN_FRAMEWORK_HEADER = YES;
				CLANG_WARN_RANGE_LOOP_ANALYSIS = YES;
				CLANG_WARN_STRICT_PROTOTYPES = YES;
				CLANG_WARN_SUSPICIOUS_MOVE = YES;
				CLANG_WARN_UNGUARDED_AVAILABILITY = YES_AGGRESSIVE;
				CLANG_WARN_UNREACHABLE_CODE = YES;
				CLANG_WARN__DUPLICATE_METHOD_MATCH = YES;
				COPY_PHASE_STRIP = NO;
				DEBUG_INFORMATION_FORMAT = dwarf;
				ENABLE_STRICT_OBJC_MSGSEND = YES;
				ENABLE_TESTABILITY = YES;
				GCC_C_LANGUAGE_STANDARD = gnu11;
				GCC_DYNAMIC_NO_PIC = NO;
				GCC_NO_COMMON_BLOCKS = YES;
				GCC_OPTIMIZATION_LEVEL = 0;
				GCC_PREPROCESSOR_DEFINITIONS = (
					"DEBUG=1",
					"$(inherited)",
				);
				GCC_WARN_64_TO_32_BIT_CONVERSION = YES;
				GCC_WARN_ABOUT_RETURN_TYPE = YES_ERROR;
				GCC_WARN_UNDECLARED_SELECTOR = YES;
				GCC_WARN_UNINITIALIZED_AUTOS = YES_AGGRESSIVE;
				GCC_WARN_UNUSED_FUNCTION = YES;
				GCC_WARN_UNUSED_VARIABLE = YES;
				IPHONEOS_DEPLOYMENT_TARGET = 15.0;
				MTL_ENABLE_DEBUG_INFO = INCLUDE_SOURCE;
				MTL_FAST_MATH = YES;
				ONLY_ACTIVE_ARCH = YES;
				SDKROOT = iphoneos;
				SWIFT_ACTIVE_COMPILATION_CONDITIONS = DEBUG;
				SWIFT_OPTIMIZATION_LEVEL = "-Onone";
			};
			name = Debug;
		};
		E8E8478C279EF6EC00D5A482 /* Release */ = {
			isa = XCBuildConfiguration;
			buildSettings = {
				ALWAYS_SEARCH_USER_PATHS = NO;
				CLANG_ANALYZER_NONNULL = YES;
				CLANG_ANALYZER_NUMBER_OBJECT_CONVERSION = YES_AGGRESSIVE;
				CLANG_CXX_LANGUAGE_STANDARD = "gnu++17";
				CLANG_CXX_LIBRARY = "libc++";
				CLANG_ENABLE_MODULES = YES;
				CLANG_ENABLE_OBJC_ARC = YES;
				CLANG_ENABLE_OBJC_WEAK = YES;
				CLANG_WARN_BLOCK_CAPTURE_AUTORELEASING = YES;
				CLANG_WARN_BOOL_CONVERSION = YES;
				CLANG_WARN_COMMA = YES;
				CLANG_WARN_CONSTANT_CONVERSION = YES;
				CLANG_WARN_DEPRECATED_OBJC_IMPLEMENTATIONS = YES;
				CLANG_WARN_DIRECT_OBJC_ISA_USAGE = YES_ERROR;
				CLANG_WARN_DOCUMENTATION_COMMENTS = YES;
				CLANG_WARN_EMPTY_BODY = YES;
				CLANG_WARN_ENUM_CONVERSION = YES;
				CLANG_WARN_INFINITE_RECURSION = YES;
				CLANG_WARN_INT_CONVERSION = YES;
				CLANG_WARN_NON_LITERAL_NULL_CONVERSION = YES;
				CLANG_WARN_OBJC_IMPLICIT_RETAIN_SELF = YES;
				CLANG_WARN_OBJC_LITERAL_CONVERSION = YES;
				CLANG_WARN_OBJC_ROOT_CLASS = YES_ERROR;
				CLANG_WARN_QUOTED_INCLUDE_IN_FRAMEWORK_HEADER = YES;
				CLANG_WARN_RANGE_LOOP_ANALYSIS = YES;
				CLANG_WARN_STRICT_PROTOTYPES = YES;
				CLANG_WARN_SUSPICIOUS_MOVE = YES;
				CLANG_WARN_UNGUARDED_AVAILABILITY = YES_AGGRESSIVE;
				CLANG_WARN_UNREACHABLE_CODE = YES;
				CLANG_WARN__DUPLICATE_METHOD_MATCH = YES;
				COPY_PHASE_STRIP = NO;
				DEBUG_INFORMATION_FORMAT = "dwarf-with-dsym";
				ENABLE_NS_ASSERTIONS = NO;
				ENABLE_STRICT_OBJC_MSGSEND = YES;
				GCC_C_LANGUAGE_STANDARD = gnu11;
				GCC_NO_COMMON_BLOCKS = YES;
				GCC_WARN_64_TO_32_BIT_CONVERSION = YES;
				GCC_WARN_ABOUT_RETURN_TYPE = YES_ERROR;
				GCC_WARN_UNDECLARED_SELECTOR = YES;
				GCC_WARN_UNINITIALIZED_AUTOS = YES_AGGRESSIVE;
				GCC_WARN_UNUSED_FUNCTION = YES;
				GCC_WARN_UNUSED_VARIABLE = YES;
				IPHONEOS_DEPLOYMENT_TARGET = 15.0;
				MTL_ENABLE_DEBUG_INFO = NO;
				MTL_FAST_MATH = YES;
				SDKROOT = iphoneos;
				SWIFT_COMPILATION_MODE = wholemodule;
				SWIFT_OPTIMIZATION_LEVEL = "-O";
				VALIDATE_PRODUCT = YES;
			};
			name = Release;
		};
		E8E8478E279EF6EC00D5A482 /* Debug */ = {
			isa = XCBuildConfiguration;
			baseConfigurationReference = D43D251F9FBD31ADDBC63F1C /* Pods-HACKER.debug.xcconfig */;
			buildSettings = {
				ASSETCATALOG_COMPILER_APPICON_NAME = AppIcon;
				ASSETCATALOG_COMPILER_GLOBAL_ACCENT_COLOR_NAME = AccentColor;
				CODE_SIGN_ENTITLEMENTS = HACKER/HACKER.entitlements;
				CODE_SIGN_STYLE = Automatic;
				CURRENT_PROJECT_VERSION = 1;
				DEVELOPMENT_TEAM = T3VFJ764ZC;
				GENERATE_INFOPLIST_FILE = YES;
				INFOPLIST_FILE = HACKER/Info.plist;
				INFOPLIST_KEY_UIApplicationSupportsIndirectInputEvents = YES;
				INFOPLIST_KEY_UILaunchStoryboardName = LaunchScreen;
				INFOPLIST_KEY_UISupportedInterfaceOrientations = "";
				INFOPLIST_KEY_UISupportedInterfaceOrientations_iPad = "UIInterfaceOrientationPortrait UIInterfaceOrientationPortraitUpsideDown UIInterfaceOrientationLandscapeLeft UIInterfaceOrientationLandscapeRight";
				INFOPLIST_KEY_UISupportedInterfaceOrientations_iPhone = "UIInterfaceOrientationPortrait UIInterfaceOrientationLandscapeLeft UIInterfaceOrientationLandscapeRight";
				LD_RUNPATH_SEARCH_PATHS = (
					"$(inherited)",
					"@executable_path/Frameworks",
				);
				MARKETING_VERSION = 1.0;
				PRODUCT_BUNDLE_IDENTIFIER = "YJC.HACKER-iOS";
				PRODUCT_NAME = "$(TARGET_NAME)";
				PROVISIONING_PROFILE_SPECIFIER = "";
				SWIFT_EMIT_LOC_STRINGS = YES;
				SWIFT_VERSION = 5.0;
				TARGETED_DEVICE_FAMILY = "1,2";
			};
			name = Debug;
		};
		E8E8478F279EF6EC00D5A482 /* Release */ = {
			isa = XCBuildConfiguration;
			baseConfigurationReference = D64BBA392CA295A2C82DAB1C /* Pods-HACKER.release.xcconfig */;
			buildSettings = {
				ASSETCATALOG_COMPILER_APPICON_NAME = AppIcon;
				ASSETCATALOG_COMPILER_GLOBAL_ACCENT_COLOR_NAME = AccentColor;
				CODE_SIGN_ENTITLEMENTS = HACKER/HACKER.entitlements;
				CODE_SIGN_STYLE = Automatic;
				CURRENT_PROJECT_VERSION = 1;
				DEVELOPMENT_TEAM = T3VFJ764ZC;
				GENERATE_INFOPLIST_FILE = YES;
				INFOPLIST_FILE = HACKER/Info.plist;
				INFOPLIST_KEY_UIApplicationSupportsIndirectInputEvents = YES;
				INFOPLIST_KEY_UILaunchStoryboardName = LaunchScreen;
				INFOPLIST_KEY_UISupportedInterfaceOrientations = "";
				INFOPLIST_KEY_UISupportedInterfaceOrientations_iPad = "UIInterfaceOrientationPortrait UIInterfaceOrientationPortraitUpsideDown UIInterfaceOrientationLandscapeLeft UIInterfaceOrientationLandscapeRight";
				INFOPLIST_KEY_UISupportedInterfaceOrientations_iPhone = "UIInterfaceOrientationPortrait UIInterfaceOrientationLandscapeLeft UIInterfaceOrientationLandscapeRight";
				LD_RUNPATH_SEARCH_PATHS = (
					"$(inherited)",
					"@executable_path/Frameworks",
				);
				MARKETING_VERSION = 1.0;
				PRODUCT_BUNDLE_IDENTIFIER = "YJC.HACKER-iOS";
				PRODUCT_NAME = "$(TARGET_NAME)";
				PROVISIONING_PROFILE_SPECIFIER = "";
				SWIFT_EMIT_LOC_STRINGS = YES;
				SWIFT_VERSION = 5.0;
				TARGETED_DEVICE_FAMILY = "1,2";
			};
			name = Release;
		};
/* End XCBuildConfiguration section */

/* Begin XCConfigurationList section */
		8648AD9C27E8D417009F5C7A /* Build configuration list for PBXNativeTarget "HACKERTests" */ = {
			isa = XCConfigurationList;
			buildConfigurations = (
				8648AD9A27E8D417009F5C7A /* Debug */,
				8648AD9B27E8D417009F5C7A /* Release */,
			);
			defaultConfigurationIsVisible = 0;
			defaultConfigurationName = Release;
		};
		86F9EB2A27E8D51100E1FEFD /* Build configuration list for PBXNativeTarget "HACKERUITests" */ = {
			isa = XCConfigurationList;
			buildConfigurations = (
				86F9EB2827E8D51100E1FEFD /* Debug */,
				86F9EB2927E8D51100E1FEFD /* Release */,
			);
			defaultConfigurationIsVisible = 0;
			defaultConfigurationName = Release;
		};
		E8E84774279EF6E900D5A482 /* Build configuration list for PBXProject "HACKER" */ = {
			isa = XCConfigurationList;
			buildConfigurations = (
				E8E8478B279EF6EC00D5A482 /* Debug */,
				E8E8478C279EF6EC00D5A482 /* Release */,
			);
			defaultConfigurationIsVisible = 0;
			defaultConfigurationName = Release;
		};
		E8E8478D279EF6EC00D5A482 /* Build configuration list for PBXNativeTarget "HACKER" */ = {
			isa = XCConfigurationList;
			buildConfigurations = (
				E8E8478E279EF6EC00D5A482 /* Debug */,
				E8E8478F279EF6EC00D5A482 /* Release */,
			);
			defaultConfigurationIsVisible = 0;
			defaultConfigurationName = Release;
		};
/* End XCConfigurationList section */
	};
	rootObject = E8E84771279EF6E900D5A482 /* Project object */;
}
