// !$*UTF8*$!
{
	archiveVersion = 1;
	classes = {
	};
	objectVersion = 55;
	objects = {

/* Begin PBXBuildFile section */
		77576EC427EB88A0005AF6DA /* HackerNavigationBar.swift in Sources */ = {isa = PBXBuildFile; fileRef = 77576EC327EB88A0005AF6DA /* HackerNavigationBar.swift */; };
		77576EC727EB90A2005AF6DA /* SettingViewController.swift in Sources */ = {isa = PBXBuildFile; fileRef = 77576EC627EB90A2005AF6DA /* SettingViewController.swift */; };
		C4C05B48E05749AF8AC87FED /* Pods_HACKER.framework in Frameworks */ = {isa = PBXBuildFile; fileRef = A0FDE97D43B564FE2665C5AB /* Pods_HACKER.framework */; };
		E833EEF127C2479C00107741 /* LoginViewController.swift in Sources */ = {isa = PBXBuildFile; fileRef = E833EEF027C2479C00107741 /* LoginViewController.swift */; };
		E833EEF327C247A400107741 /* SplashViewController.swift in Sources */ = {isa = PBXBuildFile; fileRef = E833EEF227C247A400107741 /* SplashViewController.swift */; };
		E833EEF527C24D7E00107741 /* UnknownUserPopUpViewController.swift in Sources */ = {isa = PBXBuildFile; fileRef = E833EEF427C24D7E00107741 /* UnknownUserPopUpViewController.swift */; };
		E833EEF727C24D9000107741 /* NickNameCheckPopUpViewController.swift in Sources */ = {isa = PBXBuildFile; fileRef = E833EEF627C24D9000107741 /* NickNameCheckPopUpViewController.swift */; };
		E8547B9227BC085D0078EEA8 /* KCC-Kimhwanki.otf in Resources */ = {isa = PBXBuildFile; fileRef = E8547B9127BC085D0078EEA8 /* KCC-Kimhwanki.otf */; };
		E87580A727B15FFD00C7E7E2 /* .swiftlint.yml in Resources */ = {isa = PBXBuildFile; fileRef = E87580A627B15FFD00C7E7E2 /* .swiftlint.yml */; };
		E87580AB27B16ED600C7E7E2 /* NicknameViewController.swift in Sources */ = {isa = PBXBuildFile; fileRef = E87580AA27B16ED600C7E7E2 /* NicknameViewController.swift */; };
		E87580AD27B16EDF00C7E7E2 /* SignupViewController.swift in Sources */ = {isa = PBXBuildFile; fileRef = E87580AC27B16EDF00C7E7E2 /* SignupViewController.swift */; };
		E876119827A0395D00D238B3 /* UIView+Extension.swift in Sources */ = {isa = PBXBuildFile; fileRef = E876119727A0395D00D238B3 /* UIView+Extension.swift */; };
		E876119A27A0396D00D238B3 /* UILabel+Extension.swift in Sources */ = {isa = PBXBuildFile; fileRef = E876119927A0396D00D238B3 /* UILabel+Extension.swift */; };
		E876119C27A0397700D238B3 /* UIColor+Extension.swift in Sources */ = {isa = PBXBuildFile; fileRef = E876119B27A0397700D238B3 /* UIColor+Extension.swift */; };
		E876119E27A0398000D238B3 /* UIFont+Extension.swift in Sources */ = {isa = PBXBuildFile; fileRef = E876119D27A0398000D238B3 /* UIFont+Extension.swift */; };
		E87611A027A0398B00D238B3 /* UIButton+Extension.swift in Sources */ = {isa = PBXBuildFile; fileRef = E876119F27A0398B00D238B3 /* UIButton+Extension.swift */; };
		E8E8477D279EF6E900D5A482 /* AppDelegate.swift in Sources */ = {isa = PBXBuildFile; fileRef = E8E8477C279EF6E900D5A482 /* AppDelegate.swift */; };
		E8E8477F279EF6E900D5A482 /* SceneDelegate.swift in Sources */ = {isa = PBXBuildFile; fileRef = E8E8477E279EF6E900D5A482 /* SceneDelegate.swift */; };
		E8E84786279EF6EC00D5A482 /* Assets.xcassets in Resources */ = {isa = PBXBuildFile; fileRef = E8E84785279EF6EC00D5A482 /* Assets.xcassets */; };
		E8E84789279EF6EC00D5A482 /* LaunchScreen.storyboard in Resources */ = {isa = PBXBuildFile; fileRef = E8E84787279EF6EC00D5A482 /* LaunchScreen.storyboard */; };
		E8FF04F627B2111C00C7C3E5 /* SignupPopUpViewController.swift in Sources */ = {isa = PBXBuildFile; fileRef = E8FF04F527B2111C00C7C3E5 /* SignupPopUpViewController.swift */; };
		E8FF04FA27B212C000C7C3E5 /* NotoSansKR-Medium.otf in Resources */ = {isa = PBXBuildFile; fileRef = E8FF04F727B212C000C7C3E5 /* NotoSansKR-Medium.otf */; };
		E8FF04FB27B212C000C7C3E5 /* NotoSansKR-Bold.otf in Resources */ = {isa = PBXBuildFile; fileRef = E8FF04F827B212C000C7C3E5 /* NotoSansKR-Bold.otf */; };
		E8FF04FC27B212C000C7C3E5 /* NotoSansKR-Regular.otf in Resources */ = {isa = PBXBuildFile; fileRef = E8FF04F927B212C000C7C3E5 /* NotoSansKR-Regular.otf */; };
/* End PBXBuildFile section */

/* Begin PBXFileReference section */
		77576EC327EB88A0005AF6DA /* HackerNavigationBar.swift */ = {isa = PBXFileReference; lastKnownFileType = sourcecode.swift; path = HackerNavigationBar.swift; sourceTree = "<group>"; };
		77576EC627EB90A2005AF6DA /* SettingViewController.swift */ = {isa = PBXFileReference; lastKnownFileType = sourcecode.swift; path = SettingViewController.swift; sourceTree = "<group>"; };
		A0FDE97D43B564FE2665C5AB /* Pods_HACKER.framework */ = {isa = PBXFileReference; explicitFileType = wrapper.framework; includeInIndex = 0; path = Pods_HACKER.framework; sourceTree = BUILT_PRODUCTS_DIR; };
		D43D251F9FBD31ADDBC63F1C /* Pods-HACKER.debug.xcconfig */ = {isa = PBXFileReference; includeInIndex = 1; lastKnownFileType = text.xcconfig; name = "Pods-HACKER.debug.xcconfig"; path = "Target Support Files/Pods-HACKER/Pods-HACKER.debug.xcconfig"; sourceTree = "<group>"; };
		D64BBA392CA295A2C82DAB1C /* Pods-HACKER.release.xcconfig */ = {isa = PBXFileReference; includeInIndex = 1; lastKnownFileType = text.xcconfig; name = "Pods-HACKER.release.xcconfig"; path = "Target Support Files/Pods-HACKER/Pods-HACKER.release.xcconfig"; sourceTree = "<group>"; };
		E833EEF027C2479C00107741 /* LoginViewController.swift */ = {isa = PBXFileReference; lastKnownFileType = sourcecode.swift; path = LoginViewController.swift; sourceTree = "<group>"; };
		E833EEF227C247A400107741 /* SplashViewController.swift */ = {isa = PBXFileReference; lastKnownFileType = sourcecode.swift; path = SplashViewController.swift; sourceTree = "<group>"; };
		E833EEF427C24D7E00107741 /* UnknownUserPopUpViewController.swift */ = {isa = PBXFileReference; lastKnownFileType = sourcecode.swift; path = UnknownUserPopUpViewController.swift; sourceTree = "<group>"; };
		E833EEF627C24D9000107741 /* NickNameCheckPopUpViewController.swift */ = {isa = PBXFileReference; lastKnownFileType = sourcecode.swift; path = NickNameCheckPopUpViewController.swift; sourceTree = "<group>"; };
		E8547B9127BC085D0078EEA8 /* KCC-Kimhwanki.otf */ = {isa = PBXFileReference; lastKnownFileType = file; path = "KCC-Kimhwanki.otf"; sourceTree = "<group>"; };
		E87580A627B15FFD00C7E7E2 /* .swiftlint.yml */ = {isa = PBXFileReference; lastKnownFileType = text.yaml; path = .swiftlint.yml; sourceTree = "<group>"; };
		E87580AA27B16ED600C7E7E2 /* NicknameViewController.swift */ = {isa = PBXFileReference; lastKnownFileType = sourcecode.swift; path = NicknameViewController.swift; sourceTree = "<group>"; };
		E87580AC27B16EDF00C7E7E2 /* SignupViewController.swift */ = {isa = PBXFileReference; lastKnownFileType = sourcecode.swift; path = SignupViewController.swift; sourceTree = "<group>"; };
		E876119727A0395D00D238B3 /* UIView+Extension.swift */ = {isa = PBXFileReference; lastKnownFileType = sourcecode.swift; path = "UIView+Extension.swift"; sourceTree = "<group>"; };
		E876119927A0396D00D238B3 /* UILabel+Extension.swift */ = {isa = PBXFileReference; lastKnownFileType = sourcecode.swift; path = "UILabel+Extension.swift"; sourceTree = "<group>"; };
		E876119B27A0397700D238B3 /* UIColor+Extension.swift */ = {isa = PBXFileReference; lastKnownFileType = sourcecode.swift; path = "UIColor+Extension.swift"; sourceTree = "<group>"; };
		E876119D27A0398000D238B3 /* UIFont+Extension.swift */ = {isa = PBXFileReference; lastKnownFileType = sourcecode.swift; path = "UIFont+Extension.swift"; sourceTree = "<group>"; };
		E876119F27A0398B00D238B3 /* UIButton+Extension.swift */ = {isa = PBXFileReference; lastKnownFileType = sourcecode.swift; path = "UIButton+Extension.swift"; sourceTree = "<group>"; };
		E8E84779279EF6E900D5A482 /* HACKER.app */ = {isa = PBXFileReference; explicitFileType = wrapper.application; includeInIndex = 0; path = HACKER.app; sourceTree = BUILT_PRODUCTS_DIR; };
		E8E8477C279EF6E900D5A482 /* AppDelegate.swift */ = {isa = PBXFileReference; lastKnownFileType = sourcecode.swift; path = AppDelegate.swift; sourceTree = "<group>"; };
		E8E8477E279EF6E900D5A482 /* SceneDelegate.swift */ = {isa = PBXFileReference; lastKnownFileType = sourcecode.swift; path = SceneDelegate.swift; sourceTree = "<group>"; };
		E8E84785279EF6EC00D5A482 /* Assets.xcassets */ = {isa = PBXFileReference; lastKnownFileType = folder.assetcatalog; path = Assets.xcassets; sourceTree = "<group>"; };
		E8E84788279EF6EC00D5A482 /* Base */ = {isa = PBXFileReference; lastKnownFileType = file.storyboard; name = Base; path = Base.lproj/LaunchScreen.storyboard; sourceTree = "<group>"; };
		E8E8478A279EF6EC00D5A482 /* Info.plist */ = {isa = PBXFileReference; lastKnownFileType = text.plist.xml; path = Info.plist; sourceTree = "<group>"; };
		E8FF04F527B2111C00C7C3E5 /* SignupPopUpViewController.swift */ = {isa = PBXFileReference; lastKnownFileType = sourcecode.swift; path = SignupPopUpViewController.swift; sourceTree = "<group>"; };
		E8FF04F727B212C000C7C3E5 /* NotoSansKR-Medium.otf */ = {isa = PBXFileReference; lastKnownFileType = file; path = "NotoSansKR-Medium.otf"; sourceTree = "<group>"; };
		E8FF04F827B212C000C7C3E5 /* NotoSansKR-Bold.otf */ = {isa = PBXFileReference; lastKnownFileType = file; path = "NotoSansKR-Bold.otf"; sourceTree = "<group>"; };
		E8FF04F927B212C000C7C3E5 /* NotoSansKR-Regular.otf */ = {isa = PBXFileReference; lastKnownFileType = file; path = "NotoSansKR-Regular.otf"; sourceTree = "<group>"; };
/* End PBXFileReference section */

/* Begin PBXFrameworksBuildPhase section */
		E8E84776279EF6E900D5A482 /* Frameworks */ = {
			isa = PBXFrameworksBuildPhase;
			buildActionMask = 2147483647;
			files = (
				C4C05B48E05749AF8AC87FED /* Pods_HACKER.framework in Frameworks */,
			);
			runOnlyForDeploymentPostprocessing = 0;
		};
/* End PBXFrameworksBuildPhase section */

/* Begin PBXGroup section */
		77576EC227EB888E005AF6DA /* Views */ = {
			isa = PBXGroup;
			children = (
				77576EC327EB88A0005AF6DA /* HackerNavigationBar.swift */,
			);
			path = Views;
			sourceTree = "<group>";
		};
		77576EC527EB908B005AF6DA /* SettingViewController */ = {
			isa = PBXGroup;
			children = (
				77576EC627EB90A2005AF6DA /* SettingViewController.swift */,
			);
			path = SettingViewController;
			sourceTree = "<group>";
		};
		86F7ADBA2E616E873EB7C0F1 /* Frameworks */ = {
			isa = PBXGroup;
			children = (
				A0FDE97D43B564FE2665C5AB /* Pods_HACKER.framework */,
			);
			name = Frameworks;
			sourceTree = "<group>";
		};
		C6B966991ABEEE5DCED8EA98 /* Pods */ = {
			isa = PBXGroup;
			children = (
				D43D251F9FBD31ADDBC63F1C /* Pods-HACKER.debug.xcconfig */,
				D64BBA392CA295A2C82DAB1C /* Pods-HACKER.release.xcconfig */,
			);
			path = Pods;
			sourceTree = "<group>";
		};
		E833EEEE27C2477900107741 /* LoginViewController */ = {
			isa = PBXGroup;
			children = (
				E833EEF027C2479C00107741 /* LoginViewController.swift */,
				E833EEF227C247A400107741 /* SplashViewController.swift */,
			);
			path = LoginViewController;
			sourceTree = "<group>";
		};
		E87580A827B16EB200C7E7E2 /* SignupViewController */ = {
			isa = PBXGroup;
			children = (
				E87580AC27B16EDF00C7E7E2 /* SignupViewController.swift */,
				E8FF04F527B2111C00C7C3E5 /* SignupPopUpViewController.swift */,
			);
			path = SignupViewController;
			sourceTree = "<group>";
		};
		E87580A927B16EBC00C7E7E2 /* NicknameViewController */ = {
			isa = PBXGroup;
			children = (
				E87580AA27B16ED600C7E7E2 /* NicknameViewController.swift */,
				E833EEF427C24D7E00107741 /* UnknownUserPopUpViewController.swift */,
				E833EEF627C24D9000107741 /* NickNameCheckPopUpViewController.swift */,
			);
			path = NicknameViewController;
			sourceTree = "<group>";
		};
		E876118E279EFE4B00D238B3 /* Resources */ = {
			isa = PBXGroup;
			children = (
				E8761194279EFEF900D238B3 /* Constants */,
				E8761193279EFECF00D238B3 /* Fonts */,
				E8761192279EFEC700D238B3 /* Extensions */,
				E8E84785279EF6EC00D5A482 /* Assets.xcassets */,
			);
			path = Resources;
			sourceTree = "<group>";
		};
		E876118F279EFE5500D238B3 /* Sources */ = {
			isa = PBXGroup;
			children = (
				E8761190279EFE7C00D238B3 /* ViewControllers */,
				77576EC227EB888E005AF6DA /* Views */,
				E8E8477C279EF6E900D5A482 /* AppDelegate.swift */,
				E8E8477E279EF6E900D5A482 /* SceneDelegate.swift */,
			);
			path = Sources;
			sourceTree = "<group>";
		};
		E8761190279EFE7C00D238B3 /* ViewControllers */ = {
			isa = PBXGroup;
			children = (
				E833EEEE27C2477900107741 /* LoginViewController */,
				E87580A927B16EBC00C7E7E2 /* NicknameViewController */,
				E87580A827B16EB200C7E7E2 /* SignupViewController */,
				77576EC527EB908B005AF6DA /* SettingViewController */,
			);
			path = ViewControllers;
			sourceTree = "<group>";
		};
		E8761192279EFEC700D238B3 /* Extensions */ = {
			isa = PBXGroup;
			children = (
				E876119727A0395D00D238B3 /* UIView+Extension.swift */,
				E876119927A0396D00D238B3 /* UILabel+Extension.swift */,
				E876119B27A0397700D238B3 /* UIColor+Extension.swift */,
				E876119D27A0398000D238B3 /* UIFont+Extension.swift */,
				E876119F27A0398B00D238B3 /* UIButton+Extension.swift */,
			);
			path = Extensions;
			sourceTree = "<group>";
		};
		E8761193279EFECF00D238B3 /* Fonts */ = {
			isa = PBXGroup;
			children = (
				E8547B9127BC085D0078EEA8 /* KCC-Kimhwanki.otf */,
				E8FF04F827B212C000C7C3E5 /* NotoSansKR-Bold.otf */,
				E8FF04F727B212C000C7C3E5 /* NotoSansKR-Medium.otf */,
				E8FF04F927B212C000C7C3E5 /* NotoSansKR-Regular.otf */,
			);
			path = Fonts;
			sourceTree = "<group>";
		};
		E8761194279EFEF900D238B3 /* Constants */ = {
			isa = PBXGroup;
			children = (
			);
			path = Constants;
			sourceTree = "<group>";
		};
		E8E84770279EF6E900D5A482 = {
			isa = PBXGroup;
			children = (
				E87580A627B15FFD00C7E7E2 /* .swiftlint.yml */,
				E8E8477B279EF6E900D5A482 /* HACKER */,
				E8E8477A279EF6E900D5A482 /* Products */,
				C6B966991ABEEE5DCED8EA98 /* Pods */,
				86F7ADBA2E616E873EB7C0F1 /* Frameworks */,
			);
			sourceTree = "<group>";
		};
		E8E8477A279EF6E900D5A482 /* Products */ = {
			isa = PBXGroup;
			children = (
				E8E84779279EF6E900D5A482 /* HACKER.app */,
			);
			name = Products;
			sourceTree = "<group>";
		};
		E8E8477B279EF6E900D5A482 /* HACKER */ = {
			isa = PBXGroup;
			children = (
				E8E8478A279EF6EC00D5A482 /* Info.plist */,
				E876118E279EFE4B00D238B3 /* Resources */,
				E876118F279EFE5500D238B3 /* Sources */,
				E8E84787279EF6EC00D5A482 /* LaunchScreen.storyboard */,
			);
			path = HACKER;
			sourceTree = "<group>";
		};
/* End PBXGroup section */

/* Begin PBXNativeTarget section */
		E8E84778279EF6E900D5A482 /* HACKER */ = {
			isa = PBXNativeTarget;
			buildConfigurationList = E8E8478D279EF6EC00D5A482 /* Build configuration list for PBXNativeTarget "HACKER" */;
			buildPhases = (
				D97F45656BAAD618823AD183 /* [CP] Check Pods Manifest.lock */,
				E8E84775279EF6E900D5A482 /* Sources */,
				E8E84776279EF6E900D5A482 /* Frameworks */,
				E8E84777279EF6E900D5A482 /* Resources */,
				E875809E27B15CF200C7E7E2 /* Run Script */,
				4CDE49991AA512E7CF404C0F /* [CP] Embed Pods Frameworks */,
			);
			buildRules = (
			);
			dependencies = (
			);
			name = HACKER;
			productName = HACKER;
			productReference = E8E84779279EF6E900D5A482 /* HACKER.app */;
			productType = "com.apple.product-type.application";
		};
/* End PBXNativeTarget section */

/* Begin PBXProject section */
		E8E84771279EF6E900D5A482 /* Project object */ = {
			isa = PBXProject;
			attributes = {
				BuildIndependentTargetsInParallel = 1;
				LastSwiftUpdateCheck = 1310;
				LastUpgradeCheck = 1310;
				TargetAttributes = {
					E8E84778279EF6E900D5A482 = {
						CreatedOnToolsVersion = 13.1;
					};
				};
			};
			buildConfigurationList = E8E84774279EF6E900D5A482 /* Build configuration list for PBXProject "HACKER" */;
			compatibilityVersion = "Xcode 13.0";
			developmentRegion = en;
			hasScannedForEncodings = 0;
			knownRegions = (
				en,
				Base,
			);
			mainGroup = E8E84770279EF6E900D5A482;
			productRefGroup = E8E8477A279EF6E900D5A482 /* Products */;
			projectDirPath = "";
			projectRoot = "";
			targets = (
				E8E84778279EF6E900D5A482 /* HACKER */,
			);
		};
/* End PBXProject section */

/* Begin PBXResourcesBuildPhase section */
		E8E84777279EF6E900D5A482 /* Resources */ = {
			isa = PBXResourcesBuildPhase;
			buildActionMask = 2147483647;
			files = (
				E8FF04FA27B212C000C7C3E5 /* NotoSansKR-Medium.otf in Resources */,
				E8547B9227BC085D0078EEA8 /* KCC-Kimhwanki.otf in Resources */,
				E87580A727B15FFD00C7E7E2 /* .swiftlint.yml in Resources */,
				E8E84789279EF6EC00D5A482 /* LaunchScreen.storyboard in Resources */,
				E8E84786279EF6EC00D5A482 /* Assets.xcassets in Resources */,
				E8FF04FC27B212C000C7C3E5 /* NotoSansKR-Regular.otf in Resources */,
				E8FF04FB27B212C000C7C3E5 /* NotoSansKR-Bold.otf in Resources */,
			);
			runOnlyForDeploymentPostprocessing = 0;
		};
/* End PBXResourcesBuildPhase section */

/* Begin PBXShellScriptBuildPhase section */
		4CDE49991AA512E7CF404C0F /* [CP] Embed Pods Frameworks */ = {
			isa = PBXShellScriptBuildPhase;
			buildActionMask = 2147483647;
			files = (
			);
			inputFileListPaths = (
				"${PODS_ROOT}/Target Support Files/Pods-HACKER/Pods-HACKER-frameworks-${CONFIGURATION}-input-files.xcfilelist",
			);
			name = "[CP] Embed Pods Frameworks";
			outputFileListPaths = (
				"${PODS_ROOT}/Target Support Files/Pods-HACKER/Pods-HACKER-frameworks-${CONFIGURATION}-output-files.xcfilelist",
			);
			runOnlyForDeploymentPostprocessing = 0;
			shellPath = /bin/sh;
			shellScript = "\"${PODS_ROOT}/Target Support Files/Pods-HACKER/Pods-HACKER-frameworks.sh\"\n";
			showEnvVarsInLog = 0;
		};
		D97F45656BAAD618823AD183 /* [CP] Check Pods Manifest.lock */ = {
			isa = PBXShellScriptBuildPhase;
			buildActionMask = 2147483647;
			files = (
			);
			inputFileListPaths = (
			);
			inputPaths = (
				"${PODS_PODFILE_DIR_PATH}/Podfile.lock",
				"${PODS_ROOT}/Manifest.lock",
			);
			name = "[CP] Check Pods Manifest.lock";
			outputFileListPaths = (
			);
			outputPaths = (
				"$(DERIVED_FILE_DIR)/Pods-HACKER-checkManifestLockResult.txt",
			);
			runOnlyForDeploymentPostprocessing = 0;
			shellPath = /bin/sh;
			shellScript = "diff \"${PODS_PODFILE_DIR_PATH}/Podfile.lock\" \"${PODS_ROOT}/Manifest.lock\" > /dev/null\nif [ $? != 0 ] ; then\n    # print error to STDERR\n    echo \"error: The sandbox is not in sync with the Podfile.lock. Run 'pod install' or update your CocoaPods installation.\" >&2\n    exit 1\nfi\n# This output is used by Xcode 'outputs' to avoid re-running this script phase.\necho \"SUCCESS\" > \"${SCRIPT_OUTPUT_FILE_0}\"\n";
			showEnvVarsInLog = 0;
		};
		E875809E27B15CF200C7E7E2 /* Run Script */ = {
			isa = PBXShellScriptBuildPhase;
			buildActionMask = 2147483647;
			files = (
			);
			inputFileListPaths = (
			);
			inputPaths = (
			);
			name = "Run Script";
			outputFileListPaths = (
			);
			outputPaths = (
			);
			runOnlyForDeploymentPostprocessing = 0;
			shellPath = /bin/sh;
			shellScript = "${PODS_ROOT}/SwiftLint/swiftlint\n";
		};
/* End PBXShellScriptBuildPhase section */

/* Begin PBXSourcesBuildPhase section */
		E8E84775279EF6E900D5A482 /* Sources */ = {
			isa = PBXSourcesBuildPhase;
			buildActionMask = 2147483647;
			files = (
				E833EEF127C2479C00107741 /* LoginViewController.swift in Sources */,
				E8FF04F627B2111C00C7C3E5 /* SignupPopUpViewController.swift in Sources */,
				E876119C27A0397700D238B3 /* UIColor+Extension.swift in Sources */,
				77576EC727EB90A2005AF6DA /* SettingViewController.swift in Sources */,
				E87580AD27B16EDF00C7E7E2 /* SignupViewController.swift in Sources */,
				E876119A27A0396D00D238B3 /* UILabel+Extension.swift in Sources */,
				E833EEF327C247A400107741 /* SplashViewController.swift in Sources */,
				77576EC427EB88A0005AF6DA /* HackerNavigationBar.swift in Sources */,
				E8E8477D279EF6E900D5A482 /* AppDelegate.swift in Sources */,
				E87611A027A0398B00D238B3 /* UIButton+Extension.swift in Sources */,
				E876119827A0395D00D238B3 /* UIView+Extension.swift in Sources */,
				E876119E27A0398000D238B3 /* UIFont+Extension.swift in Sources */,
				E833EEF527C24D7E00107741 /* UnknownUserPopUpViewController.swift in Sources */,
				E87580AB27B16ED600C7E7E2 /* NicknameViewController.swift in Sources */,
				E833EEF727C24D9000107741 /* NickNameCheckPopUpViewController.swift in Sources */,
				E8E8477F279EF6E900D5A482 /* SceneDelegate.swift in Sources */,
			);
			runOnlyForDeploymentPostprocessing = 0;
		};
/* End PBXSourcesBuildPhase section */

/* Begin PBXVariantGroup section */
		E8E84787279EF6EC00D5A482 /* LaunchScreen.storyboard */ = {
			isa = PBXVariantGroup;
			children = (
				E8E84788279EF6EC00D5A482 /* Base */,
			);
			name = LaunchScreen.storyboard;
			sourceTree = "<group>";
		};
/* End PBXVariantGroup section */

/* Begin XCBuildConfiguration section */
		E8E8478B279EF6EC00D5A482 /* Debug */ = {
			isa = XCBuildConfiguration;
			buildSettings = {
				ALWAYS_SEARCH_USER_PATHS = NO;
				CLANG_ANALYZER_NONNULL = YES;
				CLANG_ANALYZER_NUMBER_OBJECT_CONVERSION = YES_AGGRESSIVE;
				CLANG_CXX_LANGUAGE_STANDARD = "gnu++17";
				CLANG_CXX_LIBRARY = "libc++";
				CLANG_ENABLE_MODULES = YES;
				CLANG_ENABLE_OBJC_ARC = YES;
				CLANG_ENABLE_OBJC_WEAK = YES;
				CLANG_WARN_BLOCK_CAPTURE_AUTORELEASING = YES;
				CLANG_WARN_BOOL_CONVERSION = YES;
				CLANG_WARN_COMMA = YES;
				CLANG_WARN_CONSTANT_CONVERSION = YES;
				CLANG_WARN_DEPRECATED_OBJC_IMPLEMENTATIONS = YES;
				CLANG_WARN_DIRECT_OBJC_ISA_USAGE = YES_ERROR;
				CLANG_WARN_DOCUMENTATION_COMMENTS = YES;
				CLANG_WARN_EMPTY_BODY = YES;
				CLANG_WARN_ENUM_CONVERSION = YES;
				CLANG_WARN_INFINITE_RECURSION = YES;
				CLANG_WARN_INT_CONVERSION = YES;
				CLANG_WARN_NON_LITERAL_NULL_CONVERSION = YES;
				CLANG_WARN_OBJC_IMPLICIT_RETAIN_SELF = YES;
				CLANG_WARN_OBJC_LITERAL_CONVERSION = YES;
				CLANG_WARN_OBJC_ROOT_CLASS = YES_ERROR;
				CLANG_WARN_QUOTED_INCLUDE_IN_FRAMEWORK_HEADER = YES;
				CLANG_WARN_RANGE_LOOP_ANALYSIS = YES;
				CLANG_WARN_STRICT_PROTOTYPES = YES;
				CLANG_WARN_SUSPICIOUS_MOVE = YES;
				CLANG_WARN_UNGUARDED_AVAILABILITY = YES_AGGRESSIVE;
				CLANG_WARN_UNREACHABLE_CODE = YES;
				CLANG_WARN__DUPLICATE_METHOD_MATCH = YES;
				COPY_PHASE_STRIP = NO;
				DEBUG_INFORMATION_FORMAT = dwarf;
				ENABLE_STRICT_OBJC_MSGSEND = YES;
				ENABLE_TESTABILITY = YES;
				GCC_C_LANGUAGE_STANDARD = gnu11;
				GCC_DYNAMIC_NO_PIC = NO;
				GCC_NO_COMMON_BLOCKS = YES;
				GCC_OPTIMIZATION_LEVEL = 0;
				GCC_PREPROCESSOR_DEFINITIONS = (
					"DEBUG=1",
					"$(inherited)",
				);
				GCC_WARN_64_TO_32_BIT_CONVERSION = YES;
				GCC_WARN_ABOUT_RETURN_TYPE = YES_ERROR;
				GCC_WARN_UNDECLARED_SELECTOR = YES;
				GCC_WARN_UNINITIALIZED_AUTOS = YES_AGGRESSIVE;
				GCC_WARN_UNUSED_FUNCTION = YES;
				GCC_WARN_UNUSED_VARIABLE = YES;
				IPHONEOS_DEPLOYMENT_TARGET = 15.0;
				MTL_ENABLE_DEBUG_INFO = INCLUDE_SOURCE;
				MTL_FAST_MATH = YES;
				ONLY_ACTIVE_ARCH = YES;
				SDKROOT = iphoneos;
				SWIFT_ACTIVE_COMPILATION_CONDITIONS = DEBUG;
				SWIFT_OPTIMIZATION_LEVEL = "-Onone";
			};
			name = Debug;
		};
		E8E8478C279EF6EC00D5A482 /* Release */ = {
			isa = XCBuildConfiguration;
			buildSettings = {
				ALWAYS_SEARCH_USER_PATHS = NO;
				CLANG_ANALYZER_NONNULL = YES;
				CLANG_ANALYZER_NUMBER_OBJECT_CONVERSION = YES_AGGRESSIVE;
				CLANG_CXX_LANGUAGE_STANDARD = "gnu++17";
				CLANG_CXX_LIBRARY = "libc++";
				CLANG_ENABLE_MODULES = YES;
				CLANG_ENABLE_OBJC_ARC = YES;
				CLANG_ENABLE_OBJC_WEAK = YES;
				CLANG_WARN_BLOCK_CAPTURE_AUTORELEASING = YES;
				CLANG_WARN_BOOL_CONVERSION = YES;
				CLANG_WARN_COMMA = YES;
				CLANG_WARN_CONSTANT_CONVERSION = YES;
				CLANG_WARN_DEPRECATED_OBJC_IMPLEMENTATIONS = YES;
				CLANG_WARN_DIRECT_OBJC_ISA_USAGE = YES_ERROR;
				CLANG_WARN_DOCUMENTATION_COMMENTS = YES;
				CLANG_WARN_EMPTY_BODY = YES;
				CLANG_WARN_ENUM_CONVERSION = YES;
				CLANG_WARN_INFINITE_RECURSION = YES;
				CLANG_WARN_INT_CONVERSION = YES;
				CLANG_WARN_NON_LITERAL_NULL_CONVERSION = YES;
				CLANG_WARN_OBJC_IMPLICIT_RETAIN_SELF = YES;
				CLANG_WARN_OBJC_LITERAL_CONVERSION = YES;
				CLANG_WARN_OBJC_ROOT_CLASS = YES_ERROR;
				CLANG_WARN_QUOTED_INCLUDE_IN_FRAMEWORK_HEADER = YES;
				CLANG_WARN_RANGE_LOOP_ANALYSIS = YES;
				CLANG_WARN_STRICT_PROTOTYPES = YES;
				CLANG_WARN_SUSPICIOUS_MOVE = YES;
				CLANG_WARN_UNGUARDED_AVAILABILITY = YES_AGGRESSIVE;
				CLANG_WARN_UNREACHABLE_CODE = YES;
				CLANG_WARN__DUPLICATE_METHOD_MATCH = YES;
				COPY_PHASE_STRIP = NO;
				DEBUG_INFORMATION_FORMAT = "dwarf-with-dsym";
				ENABLE_NS_ASSERTIONS = NO;
				ENABLE_STRICT_OBJC_MSGSEND = YES;
				GCC_C_LANGUAGE_STANDARD = gnu11;
				GCC_NO_COMMON_BLOCKS = YES;
				GCC_WARN_64_TO_32_BIT_CONVERSION = YES;
				GCC_WARN_ABOUT_RETURN_TYPE = YES_ERROR;
				GCC_WARN_UNDECLARED_SELECTOR = YES;
				GCC_WARN_UNINITIALIZED_AUTOS = YES_AGGRESSIVE;
				GCC_WARN_UNUSED_FUNCTION = YES;
				GCC_WARN_UNUSED_VARIABLE = YES;
				IPHONEOS_DEPLOYMENT_TARGET = 15.0;
				MTL_ENABLE_DEBUG_INFO = NO;
				MTL_FAST_MATH = YES;
				SDKROOT = iphoneos;
				SWIFT_COMPILATION_MODE = wholemodule;
				SWIFT_OPTIMIZATION_LEVEL = "-O";
				VALIDATE_PRODUCT = YES;
			};
			name = Release;
		};
		E8E8478E279EF6EC00D5A482 /* Debug */ = {
			isa = XCBuildConfiguration;
			baseConfigurationReference = D43D251F9FBD31ADDBC63F1C /* Pods-HACKER.debug.xcconfig */;
			buildSettings = {
				ASSETCATALOG_COMPILER_APPICON_NAME = AppIcon;
				ASSETCATALOG_COMPILER_GLOBAL_ACCENT_COLOR_NAME = AccentColor;
				CODE_SIGN_STYLE = Automatic;
				CURRENT_PROJECT_VERSION = 1;
				DEVELOPMENT_TEAM = 9P444U7TM8;
				GENERATE_INFOPLIST_FILE = YES;
				INFOPLIST_FILE = HACKER/Info.plist;
				INFOPLIST_KEY_UIApplicationSupportsIndirectInputEvents = YES;
				INFOPLIST_KEY_UILaunchStoryboardName = LaunchScreen;
				INFOPLIST_KEY_UISupportedInterfaceOrientations_iPad = "UIInterfaceOrientationPortrait UIInterfaceOrientationPortraitUpsideDown UIInterfaceOrientationLandscapeLeft UIInterfaceOrientationLandscapeRight";
				INFOPLIST_KEY_UISupportedInterfaceOrientations_iPhone = "UIInterfaceOrientationPortrait UIInterfaceOrientationLandscapeLeft UIInterfaceOrientationLandscapeRight";
				LD_RUNPATH_SEARCH_PATHS = (
					"$(inherited)",
					"@executable_path/Frameworks",
				);
				MARKETING_VERSION = 1.0;
				PRODUCT_BUNDLE_IDENTIFIER = jisoo.HACKER;
				PRODUCT_NAME = "$(TARGET_NAME)";
				SWIFT_EMIT_LOC_STRINGS = YES;
				SWIFT_VERSION = 5.0;
				TARGETED_DEVICE_FAMILY = "1,2";
			};
			name = Debug;
		};
		E8E8478F279EF6EC00D5A482 /* Release */ = {
			isa = XCBuildConfiguration;
			baseConfigurationReference = D64BBA392CA295A2C82DAB1C /* Pods-HACKER.release.xcconfig */;
			buildSettings = {
				ASSETCATALOG_COMPILER_APPICON_NAME = AppIcon;
				ASSETCATALOG_COMPILER_GLOBAL_ACCENT_COLOR_NAME = AccentColor;
				CODE_SIGN_STYLE = Automatic;
				CURRENT_PROJECT_VERSION = 1;
				DEVELOPMENT_TEAM = 9P444U7TM8;
				GENERATE_INFOPLIST_FILE = YES;
				INFOPLIST_FILE = HACKER/Info.plist;
				INFOPLIST_KEY_UIApplicationSupportsIndirectInputEvents = YES;
				INFOPLIST_KEY_UILaunchStoryboardName = LaunchScreen;
				INFOPLIST_KEY_UISupportedInterfaceOrientations_iPad = "UIInterfaceOrientationPortrait UIInterfaceOrientationPortraitUpsideDown UIInterfaceOrientationLandscapeLeft UIInterfaceOrientationLandscapeRight";
				INFOPLIST_KEY_UISupportedInterfaceOrientations_iPhone = "UIInterfaceOrientationPortrait UIInterfaceOrientationLandscapeLeft UIInterfaceOrientationLandscapeRight";
				LD_RUNPATH_SEARCH_PATHS = (
					"$(inherited)",
					"@executable_path/Frameworks",
				);
				MARKETING_VERSION = 1.0;
				PRODUCT_BUNDLE_IDENTIFIER = jisoo.HACKER;
				PRODUCT_NAME = "$(TARGET_NAME)";
				SWIFT_EMIT_LOC_STRINGS = YES;
				SWIFT_VERSION = 5.0;
				TARGETED_DEVICE_FAMILY = "1,2";
			};
			name = Release;
		};
/* End XCBuildConfiguration section */

/* Begin XCConfigurationList section */
		E8E84774279EF6E900D5A482 /* Build configuration list for PBXProject "HACKER" */ = {
			isa = XCConfigurationList;
			buildConfigurations = (
				E8E8478B279EF6EC00D5A482 /* Debug */,
				E8E8478C279EF6EC00D5A482 /* Release */,
			);
			defaultConfigurationIsVisible = 0;
			defaultConfigurationName = Release;
		};
		E8E8478D279EF6EC00D5A482 /* Build configuration list for PBXNativeTarget "HACKER" */ = {
			isa = XCConfigurationList;
			buildConfigurations = (
				E8E8478E279EF6EC00D5A482 /* Debug */,
				E8E8478F279EF6EC00D5A482 /* Release */,
			);
			defaultConfigurationIsVisible = 0;
			defaultConfigurationName = Release;
		};
/* End XCConfigurationList section */
	};
	rootObject = E8E84771279EF6E900D5A482 /* Project object */;
}
